// !$*UTF8*$!
{
	archiveVersion = 1;
	classes = {
	};
	objectVersion = 46;
	objects = {

/* Begin PBXBuildFile section */
		1813C2F11B4F98720044CDDB /* ChooseDateViewController.m in Sources */ = {isa = PBXBuildFile; fileRef = 1813C2F01B4F98720044CDDB /* ChooseDateViewController.m */; };
		1813C2F41B4FC1F00044CDDB /* GroupNewsCollectionViewCell.m in Sources */ = {isa = PBXBuildFile; fileRef = 1813C2F31B4FC1F00044CDDB /* GroupNewsCollectionViewCell.m */; };
		1813C2F71B50F1140044CDDB /* OfflinePicturesCollectionViewCell.m in Sources */ = {isa = PBXBuildFile; fileRef = 1813C2F61B50F1140044CDDB /* OfflinePicturesCollectionViewCell.m */; };
		1813C2FA1B50F1400044CDDB /* OfflinePicturesViewController.m in Sources */ = {isa = PBXBuildFile; fileRef = 1813C2F91B50F1400044CDDB /* OfflinePicturesViewController.m */; };
		1813C2FD1B50FBA20044CDDB /* ChooseGroupTableViewCell.m in Sources */ = {isa = PBXBuildFile; fileRef = 1813C2FC1B50FBA20044CDDB /* ChooseGroupTableViewCell.m */; };
		18243B011B43730B0036A345 /* BuyInvitationsViewController.m in Sources */ = {isa = PBXBuildFile; fileRef = 18243B001B43730B0036A345 /* BuyInvitationsViewController.m */; };
		18243B131B43BA720036A345 /* CellInvitationTableView.m in Sources */ = {isa = PBXBuildFile; fileRef = 18243B121B43BA720036A345 /* CellInvitationTableView.m */; };
		182629161B4F72FB002E784F /* EditAccountTableViewCell.m in Sources */ = {isa = PBXBuildFile; fileRef = 182629151B4F72FB002E784F /* EditAccountTableViewCell.m */; };
		182629191B4F7CBC002E784F /* ChooseTypeViewController.m in Sources */ = {isa = PBXBuildFile; fileRef = 182629181B4F7CBC002E784F /* ChooseTypeViewController.m */; };
		1826291C1B4F7F92002E784F /* ChooseTypeTableViewCell.m in Sources */ = {isa = PBXBuildFile; fileRef = 1826291B1B4F7F92002E784F /* ChooseTypeTableViewCell.m */; };
		183957021B45382300B47FC2 /* cellGroupsCollectionView.m in Sources */ = {isa = PBXBuildFile; fileRef = 183957011B45382300B47FC2 /* cellGroupsCollectionView.m */; };
		184AE3031B51148B00BAE3E3 /* SupportViewController.m in Sources */ = {isa = PBXBuildFile; fileRef = 184AE3021B51148B00BAE3E3 /* SupportViewController.m */; };
		184AE3061B51DDCF00BAE3E3 /* SendMessageViewController.m in Sources */ = {isa = PBXBuildFile; fileRef = 184AE3051B51DDCE00BAE3E3 /* SendMessageViewController.m */; };
		184AE3091B53573600BAE3E3 /* testViewController.m in Sources */ = {isa = PBXBuildFile; fileRef = 184AE3081B53573600BAE3E3 /* testViewController.m */; };
		184B65301B3F60AC00B1483C /* main.m in Sources */ = {isa = PBXBuildFile; fileRef = 184B652F1B3F60AC00B1483C /* main.m */; };
		184B65331B3F60AC00B1483C /* AppDelegate.m in Sources */ = {isa = PBXBuildFile; fileRef = 184B65321B3F60AC00B1483C /* AppDelegate.m */; };
		184B65391B3F60AC00B1483C /* Main.storyboard in Resources */ = {isa = PBXBuildFile; fileRef = 184B65371B3F60AC00B1483C /* Main.storyboard */; };
		184B653B1B3F60AC00B1483C /* Images.xcassets in Resources */ = {isa = PBXBuildFile; fileRef = 184B653A1B3F60AC00B1483C /* Images.xcassets */; };
		184B653E1B3F60AC00B1483C /* LaunchScreen.xib in Resources */ = {isa = PBXBuildFile; fileRef = 184B653C1B3F60AC00B1483C /* LaunchScreen.xib */; };
		184B654A1B3F60AC00B1483C /* _________Tests.m in Sources */ = {isa = PBXBuildFile; fileRef = 184B65491B3F60AC00B1483C /* _________Tests.m */; };
		184B65551B3F84A700B1483C /* WelcomePageViewController.m in Sources */ = {isa = PBXBuildFile; fileRef = 184B65541B3F84A700B1483C /* WelcomePageViewController.m */; };
		184B65581B3F944D00B1483C /* SignUpViewController.m in Sources */ = {isa = PBXBuildFile; fileRef = 184B65571B3F944D00B1483C /* SignUpViewController.m */; };
		184B655A1B3F9C6D00B1483C /* MobileCoreServices.framework in Frameworks */ = {isa = PBXBuildFile; fileRef = 184B65591B3F9C6D00B1483C /* MobileCoreServices.framework */; };
		184B655D1B3FBD9900B1483C /* SignInViewController.m in Sources */ = {isa = PBXBuildFile; fileRef = 184B655C1B3FBD9900B1483C /* SignInViewController.m */; };
		184B65601B3FC52900B1483C /* ConfirmationViewController.m in Sources */ = {isa = PBXBuildFile; fileRef = 184B655F1B3FC52900B1483C /* ConfirmationViewController.m */; };
		184B65661B407CCE00B1483C /* ASIHTTPRequest.m in Sources */ = {isa = PBXBuildFile; fileRef = 184B65651B407CCE00B1483C /* ASIHTTPRequest.m */; settings = {COMPILER_FLAGS = "-fno-objc-arc"; }; };
		184B656D1B407DB700B1483C /* Reachability.m in Sources */ = {isa = PBXBuildFile; fileRef = 184B656C1B407DB700B1483C /* Reachability.m */; settings = {COMPILER_FLAGS = "-fno-objc-arc"; }; };
		184B656E1B407F6B00B1483C /* ASIHTTPRequest.h in Sources */ = {isa = PBXBuildFile; fileRef = 184B65641B407CCE00B1483C /* ASIHTTPRequest.h */; settings = {COMPILER_FLAGS = "-fno-objc-arc"; }; };
		184B656F1B407F6B00B1483C /* ASICacheDelegate.h in Sources */ = {isa = PBXBuildFile; fileRef = 184B65671B407D5200B1483C /* ASICacheDelegate.h */; settings = {COMPILER_FLAGS = "-fno-objc-arc"; }; };
		184B65701B407F6B00B1483C /* ASIHTTPRequestConfig.h in Sources */ = {isa = PBXBuildFile; fileRef = 184B65681B407D5200B1483C /* ASIHTTPRequestConfig.h */; settings = {COMPILER_FLAGS = "-fno-objc-arc"; }; };
		184B65711B407F6B00B1483C /* ASIHTTPRequestDelegate.h in Sources */ = {isa = PBXBuildFile; fileRef = 184B65691B407D5200B1483C /* ASIHTTPRequestDelegate.h */; settings = {COMPILER_FLAGS = "-fno-objc-arc"; }; };
		184B65721B407F6B00B1483C /* ASIProgressDelegate.h in Sources */ = {isa = PBXBuildFile; fileRef = 184B656A1B407D5200B1483C /* ASIProgressDelegate.h */; settings = {COMPILER_FLAGS = "-fno-objc-arc"; }; };
		184B65731B407F6B00B1483C /* Reachability.h in Sources */ = {isa = PBXBuildFile; fileRef = 184B656B1B407DB700B1483C /* Reachability.h */; settings = {COMPILER_FLAGS = "-fno-objc-arc"; }; };
		184B65761B40802500B1483C /* ASIAuthenticationDialog.m in Sources */ = {isa = PBXBuildFile; fileRef = 184B65751B40802500B1483C /* ASIAuthenticationDialog.m */; settings = {COMPILER_FLAGS = "-fno-objc-arc"; }; };
		184B65771B40804A00B1483C /* ASIAuthenticationDialog.h in Sources */ = {isa = PBXBuildFile; fileRef = 184B65741B40802500B1483C /* ASIAuthenticationDialog.h */; settings = {COMPILER_FLAGS = "-fno-objc-arc"; }; };
		184B657A1B40805E00B1483C /* ASIInputStream.m in Sources */ = {isa = PBXBuildFile; fileRef = 184B65791B40805E00B1483C /* ASIInputStream.m */; settings = {COMPILER_FLAGS = "-fno-objc-arc"; }; };
		184B657B1B40808900B1483C /* ASIInputStream.h in Sources */ = {isa = PBXBuildFile; fileRef = 184B65781B40805E00B1483C /* ASIInputStream.h */; settings = {COMPILER_FLAGS = "-fno-objc-arc"; }; };
		184B657E1B40809E00B1483C /* ASIDataDecompressor.m in Sources */ = {isa = PBXBuildFile; fileRef = 184B657D1B40809E00B1483C /* ASIDataDecompressor.m */; settings = {COMPILER_FLAGS = "-fno-objc-arc"; }; };
		184B65811B4080BC00B1483C /* ASIDataCompressor.m in Sources */ = {isa = PBXBuildFile; fileRef = 184B65801B4080BC00B1483C /* ASIDataCompressor.m */; settings = {COMPILER_FLAGS = "-fno-objc-arc"; }; };
		184B65821B4080D600B1483C /* ASIDataDecompressor.h in Sources */ = {isa = PBXBuildFile; fileRef = 184B657C1B40809E00B1483C /* ASIDataDecompressor.h */; settings = {COMPILER_FLAGS = "-fno-objc-arc"; }; };
		184B65831B4080D600B1483C /* ASIDataCompressor.h in Sources */ = {isa = PBXBuildFile; fileRef = 184B657F1B4080BC00B1483C /* ASIDataCompressor.h */; settings = {COMPILER_FLAGS = "-fno-objc-arc"; }; };
		184B65861B40817700B1483C /* ASIFormDataRequest.m in Sources */ = {isa = PBXBuildFile; fileRef = 184B65851B40817700B1483C /* ASIFormDataRequest.m */; settings = {COMPILER_FLAGS = "-fno-objc-arc"; }; };
		184B65891B40818400B1483C /* ASINetworkQueue.m in Sources */ = {isa = PBXBuildFile; fileRef = 184B65881B40818400B1483C /* ASINetworkQueue.m */; settings = {COMPILER_FLAGS = "-fno-objc-arc"; }; };
		184B658C1B4081B300B1483C /* ASIDownloadCache.m in Sources */ = {isa = PBXBuildFile; fileRef = 184B658B1B4081B300B1483C /* ASIDownloadCache.m */; settings = {COMPILER_FLAGS = "-fno-objc-arc"; }; };
		184B658E1B40827500B1483C /* SystemConfiguration.framework in Frameworks */ = {isa = PBXBuildFile; fileRef = 184B658D1B40827500B1483C /* SystemConfiguration.framework */; };
		184B65901B4082CF00B1483C /* libz.dylib in Frameworks */ = {isa = PBXBuildFile; fileRef = 184B658F1B4082CF00B1483C /* libz.dylib */; };
		184B65921B4082E300B1483C /* CFNetwork.framework in Frameworks */ = {isa = PBXBuildFile; fileRef = 184B65911B4082E300B1483C /* CFNetwork.framework */; };
		184B65941B4088E700B1483C /* libz.1.dylib in Frameworks */ = {isa = PBXBuildFile; fileRef = 184B65931B4088E700B1483C /* libz.1.dylib */; };
		184B65981B40E12100B1483C /* chooseGroupViewController.m in Sources */ = {isa = PBXBuildFile; fileRef = 184B65971B40E12100B1483C /* chooseGroupViewController.m */; };
		184B659B1B411A0A00B1483C /* HomePageViewController.m in Sources */ = {isa = PBXBuildFile; fileRef = 184B659A1B411A0A00B1483C /* HomePageViewController.m */; };
		184B659E1B41E9F400B1483C /* EditAccountViewController.m in Sources */ = {isa = PBXBuildFile; fileRef = 184B659D1B41E9F400B1483C /* EditAccountViewController.m */; };
		184B65A11B421C0200B1483C /* GroupViewController.m in Sources */ = {isa = PBXBuildFile; fileRef = 184B65A01B421C0200B1483C /* GroupViewController.m */; };
		1873C2141B4D7D000026C905 /* ViewController.m in Sources */ = {isa = PBXBuildFile; fileRef = 1873C2131B4D7D000026C905 /* ViewController.m */; };
		1873C21A1B4D83200026C905 /* TestNewsCollectionViewCell.m in Sources */ = {isa = PBXBuildFile; fileRef = 1873C2191B4D83200026C905 /* TestNewsCollectionViewCell.m */; };
		1873C21D1B4D89300026C905 /* testCollectionViewCell.m in Sources */ = {isa = PBXBuildFile; fileRef = 1873C21C1B4D89300026C905 /* testCollectionViewCell.m */; };
		1873C2221B4DAC5B0026C905 /* GroupsFooterCollectionReusableView.m in Sources */ = {isa = PBXBuildFile; fileRef = 1873C2211B4DAC5B0026C905 /* GroupsFooterCollectionReusableView.m */; };
		1873C2251B4DCB760026C905 /* NewsViewController.m in Sources */ = {isa = PBXBuildFile; fileRef = 1873C2241B4DCB760026C905 /* NewsViewController.m */; };
		1873C2281B4DE7280026C905 /* CommentsViewController.m in Sources */ = {isa = PBXBuildFile; fileRef = 1873C2271B4DE7280026C905 /* CommentsViewController.m */; };
		1873C22E1B4DFDEA0026C905 /* CommentsFirstTableViewCell.m in Sources */ = {isa = PBXBuildFile; fileRef = 1873C22D1B4DFDEA0026C905 /* CommentsFirstTableViewCell.m */; };
		1873C2311B4E0EB20026C905 /* CommentsSecondTableViewCell.m in Sources */ = {isa = PBXBuildFile; fileRef = 1873C2301B4E0EB20026C905 /* CommentsSecondTableViewCell.m */; };
		1873C2341B4E4C360026C905 /* MessagesViewController.m in Sources */ = {isa = PBXBuildFile; fileRef = 1873C2331B4E4C360026C905 /* MessagesViewController.m */; };
		1873C2371B4E540B0026C905 /* MessagesFirstTableViewCell.m in Sources */ = {isa = PBXBuildFile; fileRef = 1873C2361B4E540B0026C905 /* MessagesFirstTableViewCell.m */; };
		1873C23A1B4E60490026C905 /* ReadMessageViewController.m in Sources */ = {isa = PBXBuildFile; fileRef = 1873C2391B4E60490026C905 /* ReadMessageViewController.m */; };
		187C0B011B44F55700A1800B /* TPKeyboardAvoidingScrollView.m in Sources */ = {isa = PBXBuildFile; fileRef = 187C0B001B44F55700A1800B /* TPKeyboardAvoidingScrollView.m */; };
		187C63941B46259900B3E3EA /* MyProfileViewController.m in Sources */ = {isa = PBXBuildFile; fileRef = 187C63931B46259900B3E3EA /* MyProfileViewController.m */; };
		187C639B1B473FE200B3E3EA /* InviteViewController.m in Sources */ = {isa = PBXBuildFile; fileRef = 187C639A1B473FE200B3E3EA /* InviteViewController.m */; };
		187C639E1B47470F00B3E3EA /* groupCollectionViewCell.m in Sources */ = {isa = PBXBuildFile; fileRef = 187C639D1B47470F00B3E3EA /* groupCollectionViewCell.m */; };
		187C63A71B478CE000B3E3EA /* AllSectionsViewController.m in Sources */ = {isa = PBXBuildFile; fileRef = 187C63A61B478CE000B3E3EA /* AllSectionsViewController.m */; };
		187C63BC1B49488400B3E3EA /* AllSectionsCellCollectionView.m in Sources */ = {isa = PBXBuildFile; fileRef = 187C63BB1B49488400B3E3EA /* AllSectionsCellCollectionView.m */; };
		187C63BF1B494BF500B3E3EA /* AllSectionHeaderCollectionReusableView.m in Sources */ = {isa = PBXBuildFile; fileRef = 187C63BE1B494BF500B3E3EA /* AllSectionHeaderCollectionReusableView.m */; };
		187C63C21B49525500B3E3EA /* AllSectionFooterCollectionReusableView.m in Sources */ = {isa = PBXBuildFile; fileRef = 187C63C11B49525500B3E3EA /* AllSectionFooterCollectionReusableView.m */; };
		187C63C81B49795100B3E3EA /* SecEventsViewController.m in Sources */ = {isa = PBXBuildFile; fileRef = 187C63C71B49795100B3E3EA /* SecEventsViewController.m */; };
		187C63CE1B4A326400B3E3EA /* SecEventTableViewCell.m in Sources */ = {isa = PBXBuildFile; fileRef = 187C63CD1B4A326400B3E3EA /* SecEventTableViewCell.m */; };
		189E45BC1B660DF2000A7066 /* calendars12.png in Resources */ = {isa = PBXBuildFile; fileRef = 189E45BB1B660DF2000A7066 /* calendars12.png */; };
		189E45BF1B669FA8000A7066 /* MyLatestEventsTableViewCell.m in Sources */ = {isa = PBXBuildFile; fileRef = 189E45BE1B669FA8000A7066 /* MyLatestEventsTableViewCell.m */; };
		189E45C21B670AD2000A7066 /* GroupUsersTableViewCell.m in Sources */ = {isa = PBXBuildFile; fileRef = 189E45C11B670AD2000A7066 /* GroupUsersTableViewCell.m */; };
		189E45C41B671852000A7066 /* GroupFrame.png in Resources */ = {isa = PBXBuildFile; fileRef = 189E45C31B671852000A7066 /* GroupFrame.png */; };
		189E45C61B6718CD000A7066 /* groupFrame2.png in Resources */ = {isa = PBXBuildFile; fileRef = 189E45C51B6718CD000A7066 /* groupFrame2.png */; };
		18A202DE1B424D94005BD875 /* SearchTableViewController.m in Sources */ = {isa = PBXBuildFile; fileRef = 18A202DD1B424D94005BD875 /* SearchTableViewController.m */; };
		18B589C51B674242009F8B90 /* UserGroup.png in Resources */ = {isa = PBXBuildFile; fileRef = 18B589C41B674242009F8B90 /* UserGroup.png */; };
		18B589C71B6749E3009F8B90 /* royal.png in Resources */ = {isa = PBXBuildFile; fileRef = 18B589C61B6749E3009F8B90 /* royal.png */; };
		18D1CBA61B4465D800B8B787 /* CreateEventViewController.m in Sources */ = {isa = PBXBuildFile; fileRef = 18D1CBA51B4465D800B8B787 /* CreateEventViewController.m */; };
		18D831721B4CC7F7003F5A86 /* HomeNewsCollectionViewCell.m in Sources */ = {isa = PBXBuildFile; fileRef = 18D831711B4CC7F7003F5A86 /* HomeNewsCollectionViewCell.m */; };
		18D831751B4CE6E9003F5A86 /* HomeEventsTableViewCell.m in Sources */ = {isa = PBXBuildFile; fileRef = 18D831741B4CE6E9003F5A86 /* HomeEventsTableViewCell.m */; };
		18EA68261B4B3BCD00F482FB /* EventViewController.m in Sources */ = {isa = PBXBuildFile; fileRef = 18EA68251B4B3BCD00F482FB /* EventViewController.m */; };
		18EA68291B4B566000F482FB /* EventAttendeesViewController.m in Sources */ = {isa = PBXBuildFile; fileRef = 18EA68281B4B566000F482FB /* EventAttendeesViewController.m */; };
		18EA682C1B4B57C800F482FB /* AttendeeTableViewCell.m in Sources */ = {isa = PBXBuildFile; fileRef = 18EA682B1B4B57C800F482FB /* AttendeeTableViewCell.m */; };
		18EA682F1B4B6C6F00F482FB /* UserViewController.m in Sources */ = {isa = PBXBuildFile; fileRef = 18EA682E1B4B6C6F00F482FB /* UserViewController.m */; };
		18EA68361B4BA8DD00F482FB /* MyEventsViewController.m in Sources */ = {isa = PBXBuildFile; fileRef = 18EA68351B4BA8DD00F482FB /* MyEventsViewController.m */; };
		18EA68391B4BAED500F482FB /* MyEventsTableViewCell.m in Sources */ = {isa = PBXBuildFile; fileRef = 18EA68381B4BAED500F482FB /* MyEventsTableViewCell.m */; };
		18F0A6F61B63399700221F3E /* back2.png in Resources */ = {isa = PBXBuildFile; fileRef = 18F0A6F51B63399700221F3E /* back2.png */; };
		841C5DFEE3B6EF173475CBA7 /* libPods.a in Frameworks */ = {isa = PBXBuildFile; fileRef = 4E71B13EE20BEF99BEFA3ED8 /* libPods.a */; };
/* End PBXBuildFile section */

/* Begin PBXContainerItemProxy section */
		184B65441B3F60AC00B1483C /* PBXContainerItemProxy */ = {
			isa = PBXContainerItemProxy;
			containerPortal = 184B65221B3F60AC00B1483C /* Project object */;
			proxyType = 1;
			remoteGlobalIDString = 184B65291B3F60AC00B1483C;
			remoteInfo = "دعوات قطر";
		};
/* End PBXContainerItemProxy section */

/* Begin PBXFileReference section */
		180B11EA1B4B133400133E7C /* Podfile */ = {isa = PBXFileReference; lastKnownFileType = text; path = Podfile; sourceTree = "<group>"; xcLanguageSpecificationIdentifier = xcode.lang.ruby; };
		1813C2EF1B4F98720044CDDB /* ChooseDateViewController.h */ = {isa = PBXFileReference; fileEncoding = 4; lastKnownFileType = sourcecode.c.h; path = ChooseDateViewController.h; sourceTree = "<group>"; };
		1813C2F01B4F98720044CDDB /* ChooseDateViewController.m */ = {isa = PBXFileReference; fileEncoding = 4; lastKnownFileType = sourcecode.c.objc; path = ChooseDateViewController.m; sourceTree = "<group>"; };
		1813C2F21B4FC1F00044CDDB /* GroupNewsCollectionViewCell.h */ = {isa = PBXFileReference; fileEncoding = 4; lastKnownFileType = sourcecode.c.h; name = GroupNewsCollectionViewCell.h; path = ../GroupNewsCollectionViewCell.h; sourceTree = "<group>"; };
		1813C2F31B4FC1F00044CDDB /* GroupNewsCollectionViewCell.m */ = {isa = PBXFileReference; fileEncoding = 4; lastKnownFileType = sourcecode.c.objc; name = GroupNewsCollectionViewCell.m; path = ../GroupNewsCollectionViewCell.m; sourceTree = "<group>"; };
		1813C2F51B50F1140044CDDB /* OfflinePicturesCollectionViewCell.h */ = {isa = PBXFileReference; fileEncoding = 4; lastKnownFileType = sourcecode.c.h; name = OfflinePicturesCollectionViewCell.h; path = "دعوات قطر/OfflinePicturesCollectionViewCell.h"; sourceTree = "<group>"; };
		1813C2F61B50F1140044CDDB /* OfflinePicturesCollectionViewCell.m */ = {isa = PBXFileReference; fileEncoding = 4; lastKnownFileType = sourcecode.c.objc; name = OfflinePicturesCollectionViewCell.m; path = "دعوات قطر/OfflinePicturesCollectionViewCell.m"; sourceTree = "<group>"; };
		1813C2F81B50F1400044CDDB /* OfflinePicturesViewController.h */ = {isa = PBXFileReference; fileEncoding = 4; lastKnownFileType = sourcecode.c.h; path = OfflinePicturesViewController.h; sourceTree = "<group>"; };
		1813C2F91B50F1400044CDDB /* OfflinePicturesViewController.m */ = {isa = PBXFileReference; fileEncoding = 4; lastKnownFileType = sourcecode.c.objc; path = OfflinePicturesViewController.m; sourceTree = "<group>"; };
		1813C2FB1B50FBA20044CDDB /* ChooseGroupTableViewCell.h */ = {isa = PBXFileReference; fileEncoding = 4; lastKnownFileType = sourcecode.c.h; path = ChooseGroupTableViewCell.h; sourceTree = "<group>"; };
		1813C2FC1B50FBA20044CDDB /* ChooseGroupTableViewCell.m */ = {isa = PBXFileReference; fileEncoding = 4; lastKnownFileType = sourcecode.c.objc; path = ChooseGroupTableViewCell.m; sourceTree = "<group>"; };
		18243AFF1B43730B0036A345 /* BuyInvitationsViewController.h */ = {isa = PBXFileReference; fileEncoding = 4; lastKnownFileType = sourcecode.c.h; path = BuyInvitationsViewController.h; sourceTree = "<group>"; };
		18243B001B43730B0036A345 /* BuyInvitationsViewController.m */ = {isa = PBXFileReference; fileEncoding = 4; lastKnownFileType = sourcecode.c.objc; path = BuyInvitationsViewController.m; sourceTree = "<group>"; };
		18243B111B43BA720036A345 /* CellInvitationTableView.h */ = {isa = PBXFileReference; fileEncoding = 4; lastKnownFileType = sourcecode.c.h; path = CellInvitationTableView.h; sourceTree = "<group>"; };
		18243B121B43BA720036A345 /* CellInvitationTableView.m */ = {isa = PBXFileReference; fileEncoding = 4; lastKnownFileType = sourcecode.c.objc; path = CellInvitationTableView.m; sourceTree = "<group>"; };
		182629141B4F72FB002E784F /* EditAccountTableViewCell.h */ = {isa = PBXFileReference; fileEncoding = 4; lastKnownFileType = sourcecode.c.h; path = EditAccountTableViewCell.h; sourceTree = "<group>"; };
		182629151B4F72FB002E784F /* EditAccountTableViewCell.m */ = {isa = PBXFileReference; fileEncoding = 4; lastKnownFileType = sourcecode.c.objc; path = EditAccountTableViewCell.m; sourceTree = "<group>"; };
		182629171B4F7CBC002E784F /* ChooseTypeViewController.h */ = {isa = PBXFileReference; fileEncoding = 4; lastKnownFileType = sourcecode.c.h; path = ChooseTypeViewController.h; sourceTree = "<group>"; };
		182629181B4F7CBC002E784F /* ChooseTypeViewController.m */ = {isa = PBXFileReference; fileEncoding = 4; lastKnownFileType = sourcecode.c.objc; path = ChooseTypeViewController.m; sourceTree = "<group>"; };
		1826291A1B4F7F92002E784F /* ChooseTypeTableViewCell.h */ = {isa = PBXFileReference; fileEncoding = 4; lastKnownFileType = sourcecode.c.h; path = ChooseTypeTableViewCell.h; sourceTree = "<group>"; };
		1826291B1B4F7F92002E784F /* ChooseTypeTableViewCell.m */ = {isa = PBXFileReference; fileEncoding = 4; lastKnownFileType = sourcecode.c.objc; path = ChooseTypeTableViewCell.m; sourceTree = "<group>"; };
		183957001B45382300B47FC2 /* cellGroupsCollectionView.h */ = {isa = PBXFileReference; fileEncoding = 4; lastKnownFileType = sourcecode.c.h; name = cellGroupsCollectionView.h; path = "دعوات قطر/cellGroupsCollectionView.h"; sourceTree = "<group>"; };
		183957011B45382300B47FC2 /* cellGroupsCollectionView.m */ = {isa = PBXFileReference; fileEncoding = 4; lastKnownFileType = sourcecode.c.objc; name = cellGroupsCollectionView.m; path = "دعوات قطر/cellGroupsCollectionView.m"; sourceTree = "<group>"; };
		184AE3011B51148B00BAE3E3 /* SupportViewController.h */ = {isa = PBXFileReference; fileEncoding = 4; lastKnownFileType = sourcecode.c.h; path = SupportViewController.h; sourceTree = "<group>"; };
		184AE3021B51148B00BAE3E3 /* SupportViewController.m */ = {isa = PBXFileReference; fileEncoding = 4; lastKnownFileType = sourcecode.c.objc; path = SupportViewController.m; sourceTree = "<group>"; };
		184AE3041B51DDCE00BAE3E3 /* SendMessageViewController.h */ = {isa = PBXFileReference; fileEncoding = 4; lastKnownFileType = sourcecode.c.h; path = SendMessageViewController.h; sourceTree = "<group>"; };
		184AE3051B51DDCE00BAE3E3 /* SendMessageViewController.m */ = {isa = PBXFileReference; fileEncoding = 4; lastKnownFileType = sourcecode.c.objc; path = SendMessageViewController.m; sourceTree = "<group>"; };
		184AE3071B53573600BAE3E3 /* testViewController.h */ = {isa = PBXFileReference; fileEncoding = 4; lastKnownFileType = sourcecode.c.h; path = testViewController.h; sourceTree = "<group>"; };
		184AE3081B53573600BAE3E3 /* testViewController.m */ = {isa = PBXFileReference; fileEncoding = 4; lastKnownFileType = sourcecode.c.objc; path = testViewController.m; sourceTree = "<group>"; };
		184B652A1B3F60AC00B1483C /* دعوات قطر.app */ = {isa = PBXFileReference; explicitFileType = wrapper.application; includeInIndex = 0; path = "دعوات قطر.app"; sourceTree = BUILT_PRODUCTS_DIR; };
		184B652E1B3F60AC00B1483C /* Info.plist */ = {isa = PBXFileReference; lastKnownFileType = text.plist.xml; path = Info.plist; sourceTree = "<group>"; };
		184B652F1B3F60AC00B1483C /* main.m */ = {isa = PBXFileReference; lastKnownFileType = sourcecode.c.objc; path = main.m; sourceTree = "<group>"; };
		184B65311B3F60AC00B1483C /* AppDelegate.h */ = {isa = PBXFileReference; lastKnownFileType = sourcecode.c.h; path = AppDelegate.h; sourceTree = "<group>"; };
		184B65321B3F60AC00B1483C /* AppDelegate.m */ = {isa = PBXFileReference; lastKnownFileType = sourcecode.c.objc; path = AppDelegate.m; sourceTree = "<group>"; };
		184B65381B3F60AC00B1483C /* Base */ = {isa = PBXFileReference; lastKnownFileType = file.storyboard; name = Base; path = Base.lproj/Main.storyboard; sourceTree = "<group>"; };
		184B653A1B3F60AC00B1483C /* Images.xcassets */ = {isa = PBXFileReference; lastKnownFileType = folder.assetcatalog; path = Images.xcassets; sourceTree = "<group>"; };
		184B653D1B3F60AC00B1483C /* Base */ = {isa = PBXFileReference; lastKnownFileType = file.xib; name = Base; path = Base.lproj/LaunchScreen.xib; sourceTree = "<group>"; };
		184B65431B3F60AC00B1483C /* دعوات قطرTests.xctest */ = {isa = PBXFileReference; explicitFileType = wrapper.cfbundle; includeInIndex = 0; path = "دعوات قطرTests.xctest"; sourceTree = BUILT_PRODUCTS_DIR; };
		184B65481B3F60AC00B1483C /* Info.plist */ = {isa = PBXFileReference; lastKnownFileType = text.plist.xml; path = Info.plist; sourceTree = "<group>"; };
		184B65491B3F60AC00B1483C /* _________Tests.m */ = {isa = PBXFileReference; lastKnownFileType = sourcecode.c.objc; path = "_________Tests.m"; sourceTree = "<group>"; };
		184B65531B3F84A700B1483C /* WelcomePageViewController.h */ = {isa = PBXFileReference; fileEncoding = 4; lastKnownFileType = sourcecode.c.h; path = WelcomePageViewController.h; sourceTree = "<group>"; };
		184B65541B3F84A700B1483C /* WelcomePageViewController.m */ = {isa = PBXFileReference; fileEncoding = 4; lastKnownFileType = sourcecode.c.objc; path = WelcomePageViewController.m; sourceTree = "<group>"; };
		184B65561B3F944D00B1483C /* SignUpViewController.h */ = {isa = PBXFileReference; fileEncoding = 4; lastKnownFileType = sourcecode.c.h; path = SignUpViewController.h; sourceTree = "<group>"; };
		184B65571B3F944D00B1483C /* SignUpViewController.m */ = {isa = PBXFileReference; fileEncoding = 4; lastKnownFileType = sourcecode.c.objc; path = SignUpViewController.m; sourceTree = "<group>"; };
		184B65591B3F9C6D00B1483C /* MobileCoreServices.framework */ = {isa = PBXFileReference; lastKnownFileType = wrapper.framework; name = MobileCoreServices.framework; path = System/Library/Frameworks/MobileCoreServices.framework; sourceTree = SDKROOT; };
		184B655B1B3FBD9900B1483C /* SignInViewController.h */ = {isa = PBXFileReference; fileEncoding = 4; lastKnownFileType = sourcecode.c.h; path = SignInViewController.h; sourceTree = "<group>"; };
		184B655C1B3FBD9900B1483C /* SignInViewController.m */ = {isa = PBXFileReference; fileEncoding = 4; lastKnownFileType = sourcecode.c.objc; path = SignInViewController.m; sourceTree = "<group>"; };
		184B655E1B3FC52900B1483C /* ConfirmationViewController.h */ = {isa = PBXFileReference; fileEncoding = 4; lastKnownFileType = sourcecode.c.h; path = ConfirmationViewController.h; sourceTree = "<group>"; };
		184B655F1B3FC52900B1483C /* ConfirmationViewController.m */ = {isa = PBXFileReference; fileEncoding = 4; lastKnownFileType = sourcecode.c.objc; path = ConfirmationViewController.m; sourceTree = "<group>"; };
		184B65641B407CCE00B1483C /* ASIHTTPRequest.h */ = {isa = PBXFileReference; fileEncoding = 4; lastKnownFileType = sourcecode.c.h; path = ASIHTTPRequest.h; sourceTree = "<group>"; };
		184B65651B407CCE00B1483C /* ASIHTTPRequest.m */ = {isa = PBXFileReference; fileEncoding = 4; lastKnownFileType = sourcecode.c.objc; path = ASIHTTPRequest.m; sourceTree = "<group>"; };
		184B65671B407D5200B1483C /* ASICacheDelegate.h */ = {isa = PBXFileReference; lastKnownFileType = sourcecode.c.h; path = ASICacheDelegate.h; sourceTree = "<group>"; };
		184B65681B407D5200B1483C /* ASIHTTPRequestConfig.h */ = {isa = PBXFileReference; lastKnownFileType = sourcecode.c.h; path = ASIHTTPRequestConfig.h; sourceTree = "<group>"; };
		184B65691B407D5200B1483C /* ASIHTTPRequestDelegate.h */ = {isa = PBXFileReference; lastKnownFileType = sourcecode.c.h; path = ASIHTTPRequestDelegate.h; sourceTree = "<group>"; };
		184B656A1B407D5200B1483C /* ASIProgressDelegate.h */ = {isa = PBXFileReference; lastKnownFileType = sourcecode.c.h; path = ASIProgressDelegate.h; sourceTree = "<group>"; };
		184B656B1B407DB700B1483C /* Reachability.h */ = {isa = PBXFileReference; fileEncoding = 4; lastKnownFileType = sourcecode.c.h; path = Reachability.h; sourceTree = "<group>"; };
		184B656C1B407DB700B1483C /* Reachability.m */ = {isa = PBXFileReference; fileEncoding = 4; lastKnownFileType = sourcecode.c.objc; path = Reachability.m; sourceTree = "<group>"; };
		184B65741B40802500B1483C /* ASIAuthenticationDialog.h */ = {isa = PBXFileReference; fileEncoding = 4; lastKnownFileType = sourcecode.c.h; path = ASIAuthenticationDialog.h; sourceTree = "<group>"; };
		184B65751B40802500B1483C /* ASIAuthenticationDialog.m */ = {isa = PBXFileReference; fileEncoding = 4; lastKnownFileType = sourcecode.c.objc; path = ASIAuthenticationDialog.m; sourceTree = "<group>"; };
		184B65781B40805E00B1483C /* ASIInputStream.h */ = {isa = PBXFileReference; fileEncoding = 4; lastKnownFileType = sourcecode.c.h; path = ASIInputStream.h; sourceTree = "<group>"; };
		184B65791B40805E00B1483C /* ASIInputStream.m */ = {isa = PBXFileReference; fileEncoding = 4; lastKnownFileType = sourcecode.c.objc; path = ASIInputStream.m; sourceTree = "<group>"; };
		184B657C1B40809E00B1483C /* ASIDataDecompressor.h */ = {isa = PBXFileReference; fileEncoding = 4; lastKnownFileType = sourcecode.c.h; path = ASIDataDecompressor.h; sourceTree = "<group>"; };
		184B657D1B40809E00B1483C /* ASIDataDecompressor.m */ = {isa = PBXFileReference; fileEncoding = 4; lastKnownFileType = sourcecode.c.objc; path = ASIDataDecompressor.m; sourceTree = "<group>"; };
		184B657F1B4080BC00B1483C /* ASIDataCompressor.h */ = {isa = PBXFileReference; fileEncoding = 4; lastKnownFileType = sourcecode.c.h; path = ASIDataCompressor.h; sourceTree = "<group>"; };
		184B65801B4080BC00B1483C /* ASIDataCompressor.m */ = {isa = PBXFileReference; fileEncoding = 4; lastKnownFileType = sourcecode.c.objc; path = ASIDataCompressor.m; sourceTree = "<group>"; };
		184B65841B40817700B1483C /* ASIFormDataRequest.h */ = {isa = PBXFileReference; fileEncoding = 4; lastKnownFileType = sourcecode.c.h; path = ASIFormDataRequest.h; sourceTree = "<group>"; };
		184B65851B40817700B1483C /* ASIFormDataRequest.m */ = {isa = PBXFileReference; fileEncoding = 4; lastKnownFileType = sourcecode.c.objc; path = ASIFormDataRequest.m; sourceTree = "<group>"; };
		184B65871B40818400B1483C /* ASINetworkQueue.h */ = {isa = PBXFileReference; fileEncoding = 4; lastKnownFileType = sourcecode.c.h; path = ASINetworkQueue.h; sourceTree = "<group>"; };
		184B65881B40818400B1483C /* ASINetworkQueue.m */ = {isa = PBXFileReference; fileEncoding = 4; lastKnownFileType = sourcecode.c.objc; path = ASINetworkQueue.m; sourceTree = "<group>"; };
		184B658A1B4081B300B1483C /* ASIDownloadCache.h */ = {isa = PBXFileReference; fileEncoding = 4; lastKnownFileType = sourcecode.c.h; path = ASIDownloadCache.h; sourceTree = "<group>"; };
		184B658B1B4081B300B1483C /* ASIDownloadCache.m */ = {isa = PBXFileReference; fileEncoding = 4; lastKnownFileType = sourcecode.c.objc; path = ASIDownloadCache.m; sourceTree = "<group>"; };
		184B658D1B40827500B1483C /* SystemConfiguration.framework */ = {isa = PBXFileReference; lastKnownFileType = wrapper.framework; name = SystemConfiguration.framework; path = System/Library/Frameworks/SystemConfiguration.framework; sourceTree = SDKROOT; };
		184B658F1B4082CF00B1483C /* libz.dylib */ = {isa = PBXFileReference; lastKnownFileType = "compiled.mach-o.dylib"; name = libz.dylib; path = usr/lib/libz.dylib; sourceTree = SDKROOT; };
		184B65911B4082E300B1483C /* CFNetwork.framework */ = {isa = PBXFileReference; lastKnownFileType = wrapper.framework; name = CFNetwork.framework; path = System/Library/Frameworks/CFNetwork.framework; sourceTree = SDKROOT; };
		184B65931B4088E700B1483C /* libz.1.dylib */ = {isa = PBXFileReference; lastKnownFileType = "compiled.mach-o.dylib"; name = libz.1.dylib; path = usr/lib/libz.1.dylib; sourceTree = SDKROOT; };
		184B65961B40E12100B1483C /* chooseGroupViewController.h */ = {isa = PBXFileReference; fileEncoding = 4; lastKnownFileType = sourcecode.c.h; path = chooseGroupViewController.h; sourceTree = "<group>"; };
		184B65971B40E12100B1483C /* chooseGroupViewController.m */ = {isa = PBXFileReference; fileEncoding = 4; lastKnownFileType = sourcecode.c.objc; path = chooseGroupViewController.m; sourceTree = "<group>"; };
		184B65991B411A0A00B1483C /* HomePageViewController.h */ = {isa = PBXFileReference; fileEncoding = 4; lastKnownFileType = sourcecode.c.h; name = HomePageViewController.h; path = ../HomePageViewController.h; sourceTree = "<group>"; };
		184B659A1B411A0A00B1483C /* HomePageViewController.m */ = {isa = PBXFileReference; fileEncoding = 4; lastKnownFileType = sourcecode.c.objc; name = HomePageViewController.m; path = ../HomePageViewController.m; sourceTree = "<group>"; };
		184B659C1B41E9F400B1483C /* EditAccountViewController.h */ = {isa = PBXFileReference; fileEncoding = 4; lastKnownFileType = sourcecode.c.h; path = EditAccountViewController.h; sourceTree = "<group>"; };
		184B659D1B41E9F400B1483C /* EditAccountViewController.m */ = {isa = PBXFileReference; fileEncoding = 4; lastKnownFileType = sourcecode.c.objc; path = EditAccountViewController.m; sourceTree = "<group>"; };
		184B659F1B421C0200B1483C /* GroupViewController.h */ = {isa = PBXFileReference; fileEncoding = 4; lastKnownFileType = sourcecode.c.h; path = GroupViewController.h; sourceTree = "<group>"; };
		184B65A01B421C0200B1483C /* GroupViewController.m */ = {isa = PBXFileReference; fileEncoding = 4; lastKnownFileType = sourcecode.c.objc; path = GroupViewController.m; sourceTree = "<group>"; };
		1873C2121B4D7D000026C905 /* ViewController.h */ = {isa = PBXFileReference; fileEncoding = 4; lastKnownFileType = sourcecode.c.h; path = ViewController.h; sourceTree = "<group>"; };
		1873C2131B4D7D000026C905 /* ViewController.m */ = {isa = PBXFileReference; fileEncoding = 4; lastKnownFileType = sourcecode.c.objc; path = ViewController.m; sourceTree = "<group>"; };
		1873C2181B4D83200026C905 /* TestNewsCollectionViewCell.h */ = {isa = PBXFileReference; fileEncoding = 4; lastKnownFileType = sourcecode.c.h; path = TestNewsCollectionViewCell.h; sourceTree = "<group>"; };
		1873C2191B4D83200026C905 /* TestNewsCollectionViewCell.m */ = {isa = PBXFileReference; fileEncoding = 4; lastKnownFileType = sourcecode.c.objc; path = TestNewsCollectionViewCell.m; sourceTree = "<group>"; };
		1873C21B1B4D89300026C905 /* testCollectionViewCell.h */ = {isa = PBXFileReference; fileEncoding = 4; lastKnownFileType = sourcecode.c.h; name = testCollectionViewCell.h; path = "دعوات قطر/testCollectionViewCell.h"; sourceTree = "<group>"; };
		1873C21C1B4D89300026C905 /* testCollectionViewCell.m */ = {isa = PBXFileReference; fileEncoding = 4; lastKnownFileType = sourcecode.c.objc; name = testCollectionViewCell.m; path = "دعوات قطر/testCollectionViewCell.m"; sourceTree = "<group>"; };
		1873C2201B4DAC5B0026C905 /* GroupsFooterCollectionReusableView.h */ = {isa = PBXFileReference; fileEncoding = 4; lastKnownFileType = sourcecode.c.h; path = GroupsFooterCollectionReusableView.h; sourceTree = "<group>"; };
		1873C2211B4DAC5B0026C905 /* GroupsFooterCollectionReusableView.m */ = {isa = PBXFileReference; fileEncoding = 4; lastKnownFileType = sourcecode.c.objc; path = GroupsFooterCollectionReusableView.m; sourceTree = "<group>"; };
		1873C2231B4DCB760026C905 /* NewsViewController.h */ = {isa = PBXFileReference; fileEncoding = 4; lastKnownFileType = sourcecode.c.h; name = NewsViewController.h; path = ../NewsViewController.h; sourceTree = "<group>"; };
		1873C2241B4DCB760026C905 /* NewsViewController.m */ = {isa = PBXFileReference; fileEncoding = 4; lastKnownFileType = sourcecode.c.objc; name = NewsViewController.m; path = ../NewsViewController.m; sourceTree = "<group>"; };
		1873C2261B4DE7280026C905 /* CommentsViewController.h */ = {isa = PBXFileReference; fileEncoding = 4; lastKnownFileType = sourcecode.c.h; path = CommentsViewController.h; sourceTree = "<group>"; };
		1873C2271B4DE7280026C905 /* CommentsViewController.m */ = {isa = PBXFileReference; fileEncoding = 4; lastKnownFileType = sourcecode.c.objc; path = CommentsViewController.m; sourceTree = "<group>"; };
		1873C22C1B4DFDEA0026C905 /* CommentsFirstTableViewCell.h */ = {isa = PBXFileReference; fileEncoding = 4; lastKnownFileType = sourcecode.c.h; name = CommentsFirstTableViewCell.h; path = ../CommentsFirstTableViewCell.h; sourceTree = "<group>"; };
		1873C22D1B4DFDEA0026C905 /* CommentsFirstTableViewCell.m */ = {isa = PBXFileReference; fileEncoding = 4; lastKnownFileType = sourcecode.c.objc; name = CommentsFirstTableViewCell.m; path = ../CommentsFirstTableViewCell.m; sourceTree = "<group>"; };
		1873C22F1B4E0EB20026C905 /* CommentsSecondTableViewCell.h */ = {isa = PBXFileReference; fileEncoding = 4; lastKnownFileType = sourcecode.c.h; path = CommentsSecondTableViewCell.h; sourceTree = "<group>"; };
		1873C2301B4E0EB20026C905 /* CommentsSecondTableViewCell.m */ = {isa = PBXFileReference; fileEncoding = 4; lastKnownFileType = sourcecode.c.objc; path = CommentsSecondTableViewCell.m; sourceTree = "<group>"; };
		1873C2321B4E4C360026C905 /* MessagesViewController.h */ = {isa = PBXFileReference; fileEncoding = 4; lastKnownFileType = sourcecode.c.h; path = MessagesViewController.h; sourceTree = "<group>"; };
		1873C2331B4E4C360026C905 /* MessagesViewController.m */ = {isa = PBXFileReference; fileEncoding = 4; lastKnownFileType = sourcecode.c.objc; path = MessagesViewController.m; sourceTree = "<group>"; };
		1873C2351B4E540B0026C905 /* MessagesFirstTableViewCell.h */ = {isa = PBXFileReference; fileEncoding = 4; lastKnownFileType = sourcecode.c.h; path = MessagesFirstTableViewCell.h; sourceTree = "<group>"; };
		1873C2361B4E540B0026C905 /* MessagesFirstTableViewCell.m */ = {isa = PBXFileReference; fileEncoding = 4; lastKnownFileType = sourcecode.c.objc; path = MessagesFirstTableViewCell.m; sourceTree = "<group>"; };
		1873C2381B4E60490026C905 /* ReadMessageViewController.h */ = {isa = PBXFileReference; fileEncoding = 4; lastKnownFileType = sourcecode.c.h; name = ReadMessageViewController.h; path = ../ReadMessageViewController.h; sourceTree = "<group>"; };
		1873C2391B4E60490026C905 /* ReadMessageViewController.m */ = {isa = PBXFileReference; fileEncoding = 4; lastKnownFileType = sourcecode.c.objc; name = ReadMessageViewController.m; path = ../ReadMessageViewController.m; sourceTree = "<group>"; };
		187C0AFF1B44F55700A1800B /* TPKeyboardAvoidingScrollView.h */ = {isa = PBXFileReference; fileEncoding = 4; lastKnownFileType = sourcecode.c.h; path = TPKeyboardAvoidingScrollView.h; sourceTree = "<group>"; };
		187C0B001B44F55700A1800B /* TPKeyboardAvoidingScrollView.m */ = {isa = PBXFileReference; fileEncoding = 4; lastKnownFileType = sourcecode.c.objc; path = TPKeyboardAvoidingScrollView.m; sourceTree = "<group>"; };
		187C63921B46259900B3E3EA /* MyProfileViewController.h */ = {isa = PBXFileReference; fileEncoding = 4; lastKnownFileType = sourcecode.c.h; path = MyProfileViewController.h; sourceTree = "<group>"; };
		187C63931B46259900B3E3EA /* MyProfileViewController.m */ = {isa = PBXFileReference; fileEncoding = 4; lastKnownFileType = sourcecode.c.objc; path = MyProfileViewController.m; sourceTree = "<group>"; };
		187C63991B473FE200B3E3EA /* InviteViewController.h */ = {isa = PBXFileReference; fileEncoding = 4; lastKnownFileType = sourcecode.c.h; path = InviteViewController.h; sourceTree = "<group>"; };
		187C639A1B473FE200B3E3EA /* InviteViewController.m */ = {isa = PBXFileReference; fileEncoding = 4; lastKnownFileType = sourcecode.c.objc; path = InviteViewController.m; sourceTree = "<group>"; };
		187C639C1B47470F00B3E3EA /* groupCollectionViewCell.h */ = {isa = PBXFileReference; fileEncoding = 4; lastKnownFileType = sourcecode.c.h; name = groupCollectionViewCell.h; path = "دعوات قطر/groupCollectionViewCell.h"; sourceTree = "<group>"; };
		187C639D1B47470F00B3E3EA /* groupCollectionViewCell.m */ = {isa = PBXFileReference; fileEncoding = 4; lastKnownFileType = sourcecode.c.objc; name = groupCollectionViewCell.m; path = "دعوات قطر/groupCollectionViewCell.m"; sourceTree = "<group>"; };
		187C63A51B478CE000B3E3EA /* AllSectionsViewController.h */ = {isa = PBXFileReference; fileEncoding = 4; lastKnownFileType = sourcecode.c.h; path = AllSectionsViewController.h; sourceTree = "<group>"; };
		187C63A61B478CE000B3E3EA /* AllSectionsViewController.m */ = {isa = PBXFileReference; fileEncoding = 4; lastKnownFileType = sourcecode.c.objc; path = AllSectionsViewController.m; sourceTree = "<group>"; };
		187C63BA1B49488400B3E3EA /* AllSectionsCellCollectionView.h */ = {isa = PBXFileReference; fileEncoding = 4; lastKnownFileType = sourcecode.c.h; path = AllSectionsCellCollectionView.h; sourceTree = "<group>"; };
		187C63BB1B49488400B3E3EA /* AllSectionsCellCollectionView.m */ = {isa = PBXFileReference; fileEncoding = 4; lastKnownFileType = sourcecode.c.objc; path = AllSectionsCellCollectionView.m; sourceTree = "<group>"; };
		187C63BD1B494BF500B3E3EA /* AllSectionHeaderCollectionReusableView.h */ = {isa = PBXFileReference; fileEncoding = 4; lastKnownFileType = sourcecode.c.h; path = AllSectionHeaderCollectionReusableView.h; sourceTree = "<group>"; };
		187C63BE1B494BF500B3E3EA /* AllSectionHeaderCollectionReusableView.m */ = {isa = PBXFileReference; fileEncoding = 4; lastKnownFileType = sourcecode.c.objc; path = AllSectionHeaderCollectionReusableView.m; sourceTree = "<group>"; };
		187C63C01B49525500B3E3EA /* AllSectionFooterCollectionReusableView.h */ = {isa = PBXFileReference; fileEncoding = 4; lastKnownFileType = sourcecode.c.h; name = AllSectionFooterCollectionReusableView.h; path = "دعوات قطر/AllSectionFooterCollectionReusableView.h"; sourceTree = "<group>"; };
		187C63C11B49525500B3E3EA /* AllSectionFooterCollectionReusableView.m */ = {isa = PBXFileReference; fileEncoding = 4; lastKnownFileType = sourcecode.c.objc; name = AllSectionFooterCollectionReusableView.m; path = "دعوات قطر/AllSectionFooterCollectionReusableView.m"; sourceTree = "<group>"; };
		187C63C61B49795100B3E3EA /* SecEventsViewController.h */ = {isa = PBXFileReference; fileEncoding = 4; lastKnownFileType = sourcecode.c.h; name = SecEventsViewController.h; path = ../SecEventsViewController.h; sourceTree = "<group>"; };
		187C63C71B49795100B3E3EA /* SecEventsViewController.m */ = {isa = PBXFileReference; fileEncoding = 4; lastKnownFileType = sourcecode.c.objc; name = SecEventsViewController.m; path = ../SecEventsViewController.m; sourceTree = "<group>"; };
		187C63CC1B4A326400B3E3EA /* SecEventTableViewCell.h */ = {isa = PBXFileReference; fileEncoding = 4; lastKnownFileType = sourcecode.c.h; path = SecEventTableViewCell.h; sourceTree = "<group>"; };
		187C63CD1B4A326400B3E3EA /* SecEventTableViewCell.m */ = {isa = PBXFileReference; fileEncoding = 4; lastKnownFileType = sourcecode.c.objc; path = SecEventTableViewCell.m; sourceTree = "<group>"; };
		189E45BB1B660DF2000A7066 /* calendars12.png */ = {isa = PBXFileReference; lastKnownFileType = image.png; path = calendars12.png; sourceTree = "<group>"; };
		189E45BD1B669FA8000A7066 /* MyLatestEventsTableViewCell.h */ = {isa = PBXFileReference; fileEncoding = 4; lastKnownFileType = sourcecode.c.h; name = MyLatestEventsTableViewCell.h; path = ../MyLatestEventsTableViewCell.h; sourceTree = "<group>"; };
		189E45BE1B669FA8000A7066 /* MyLatestEventsTableViewCell.m */ = {isa = PBXFileReference; fileEncoding = 4; lastKnownFileType = sourcecode.c.objc; name = MyLatestEventsTableViewCell.m; path = ../MyLatestEventsTableViewCell.m; sourceTree = "<group>"; };
		189E45C01B670AD2000A7066 /* GroupUsersTableViewCell.h */ = {isa = PBXFileReference; fileEncoding = 4; lastKnownFileType = sourcecode.c.h; name = GroupUsersTableViewCell.h; path = ../GroupUsersTableViewCell.h; sourceTree = "<group>"; };
		189E45C11B670AD2000A7066 /* GroupUsersTableViewCell.m */ = {isa = PBXFileReference; fileEncoding = 4; lastKnownFileType = sourcecode.c.objc; name = GroupUsersTableViewCell.m; path = ../GroupUsersTableViewCell.m; sourceTree = "<group>"; };
		189E45C31B671852000A7066 /* GroupFrame.png */ = {isa = PBXFileReference; lastKnownFileType = image.png; path = GroupFrame.png; sourceTree = "<group>"; };
		189E45C51B6718CD000A7066 /* groupFrame2.png */ = {isa = PBXFileReference; lastKnownFileType = image.png; path = groupFrame2.png; sourceTree = "<group>"; };
		18A202DC1B424D94005BD875 /* SearchTableViewController.h */ = {isa = PBXFileReference; fileEncoding = 4; lastKnownFileType = sourcecode.c.h; path = SearchTableViewController.h; sourceTree = "<group>"; };
		18A202DD1B424D94005BD875 /* SearchTableViewController.m */ = {isa = PBXFileReference; fileEncoding = 4; lastKnownFileType = sourcecode.c.objc; path = SearchTableViewController.m; sourceTree = "<group>"; };
		18B589C41B674242009F8B90 /* UserGroup.png */ = {isa = PBXFileReference; lastKnownFileType = image.png; path = UserGroup.png; sourceTree = "<group>"; };
		18B589C61B6749E3009F8B90 /* royal.png */ = {isa = PBXFileReference; lastKnownFileType = image.png; path = royal.png; sourceTree = "<group>"; };
		18D1CBA41B4465D800B8B787 /* CreateEventViewController.h */ = {isa = PBXFileReference; fileEncoding = 4; lastKnownFileType = sourcecode.c.h; name = CreateEventViewController.h; path = ../CreateEventViewController.h; sourceTree = "<group>"; };
		18D1CBA51B4465D800B8B787 /* CreateEventViewController.m */ = {isa = PBXFileReference; fileEncoding = 4; lastKnownFileType = sourcecode.c.objc; name = CreateEventViewController.m; path = ../CreateEventViewController.m; sourceTree = "<group>"; };
		18D831701B4CC7F7003F5A86 /* HomeNewsCollectionViewCell.h */ = {isa = PBXFileReference; fileEncoding = 4; lastKnownFileType = sourcecode.c.h; name = HomeNewsCollectionViewCell.h; path = "دعوات قطر/HomeNewsCollectionViewCell.h"; sourceTree = "<group>"; };
		18D831711B4CC7F7003F5A86 /* HomeNewsCollectionViewCell.m */ = {isa = PBXFileReference; fileEncoding = 4; lastKnownFileType = sourcecode.c.objc; name = HomeNewsCollectionViewCell.m; path = "دعوات قطر/HomeNewsCollectionViewCell.m"; sourceTree = "<group>"; };
		18D831731B4CE6E9003F5A86 /* HomeEventsTableViewCell.h */ = {isa = PBXFileReference; fileEncoding = 4; lastKnownFileType = sourcecode.c.h; name = HomeEventsTableViewCell.h; path = "دعوات قطر/HomeEventsTableViewCell.h"; sourceTree = "<group>"; };
		18D831741B4CE6E9003F5A86 /* HomeEventsTableViewCell.m */ = {isa = PBXFileReference; fileEncoding = 4; lastKnownFileType = sourcecode.c.objc; name = HomeEventsTableViewCell.m; path = "دعوات قطر/HomeEventsTableViewCell.m"; sourceTree = "<group>"; };
		18EA68241B4B3BCD00F482FB /* EventViewController.h */ = {isa = PBXFileReference; fileEncoding = 4; lastKnownFileType = sourcecode.c.h; path = EventViewController.h; sourceTree = "<group>"; };
		18EA68251B4B3BCD00F482FB /* EventViewController.m */ = {isa = PBXFileReference; fileEncoding = 4; lastKnownFileType = sourcecode.c.objc; path = EventViewController.m; sourceTree = "<group>"; };
		18EA68271B4B566000F482FB /* EventAttendeesViewController.h */ = {isa = PBXFileReference; fileEncoding = 4; lastKnownFileType = sourcecode.c.h; path = EventAttendeesViewController.h; sourceTree = "<group>"; };
		18EA68281B4B566000F482FB /* EventAttendeesViewController.m */ = {isa = PBXFileReference; fileEncoding = 4; lastKnownFileType = sourcecode.c.objc; path = EventAttendeesViewController.m; sourceTree = "<group>"; };
		18EA682A1B4B57C800F482FB /* AttendeeTableViewCell.h */ = {isa = PBXFileReference; fileEncoding = 4; lastKnownFileType = sourcecode.c.h; path = AttendeeTableViewCell.h; sourceTree = "<group>"; };
		18EA682B1B4B57C800F482FB /* AttendeeTableViewCell.m */ = {isa = PBXFileReference; fileEncoding = 4; lastKnownFileType = sourcecode.c.objc; path = AttendeeTableViewCell.m; sourceTree = "<group>"; };
		18EA682D1B4B6C6F00F482FB /* UserViewController.h */ = {isa = PBXFileReference; fileEncoding = 4; lastKnownFileType = sourcecode.c.h; path = UserViewController.h; sourceTree = "<group>"; };
		18EA682E1B4B6C6F00F482FB /* UserViewController.m */ = {isa = PBXFileReference; fileEncoding = 4; lastKnownFileType = sourcecode.c.objc; path = UserViewController.m; sourceTree = "<group>"; };
		18EA68341B4BA8DD00F482FB /* MyEventsViewController.h */ = {isa = PBXFileReference; fileEncoding = 4; lastKnownFileType = sourcecode.c.h; path = MyEventsViewController.h; sourceTree = "<group>"; };
		18EA68351B4BA8DD00F482FB /* MyEventsViewController.m */ = {isa = PBXFileReference; fileEncoding = 4; lastKnownFileType = sourcecode.c.objc; path = MyEventsViewController.m; sourceTree = "<group>"; };
		18EA68371B4BAED500F482FB /* MyEventsTableViewCell.h */ = {isa = PBXFileReference; fileEncoding = 4; lastKnownFileType = sourcecode.c.h; name = MyEventsTableViewCell.h; path = "دعوات قطر/MyEventsTableViewCell.h"; sourceTree = "<group>"; };
		18EA68381B4BAED500F482FB /* MyEventsTableViewCell.m */ = {isa = PBXFileReference; fileEncoding = 4; lastKnownFileType = sourcecode.c.objc; name = MyEventsTableViewCell.m; path = "دعوات قطر/MyEventsTableViewCell.m"; sourceTree = "<group>"; };
		18F0A6F51B63399700221F3E /* back2.png */ = {isa = PBXFileReference; lastKnownFileType = image.png; path = back2.png; sourceTree = "<group>"; };
		468BD36381F55A3ECC251532 /* Pods.debug.xcconfig */ = {isa = PBXFileReference; includeInIndex = 1; lastKnownFileType = text.xcconfig; name = Pods.debug.xcconfig; path = "../Pods/Target Support Files/Pods/Pods.debug.xcconfig"; sourceTree = "<group>"; };
		4E71B13EE20BEF99BEFA3ED8 /* libPods.a */ = {isa = PBXFileReference; explicitFileType = archive.ar; includeInIndex = 0; path = libPods.a; sourceTree = BUILT_PRODUCTS_DIR; };
		53FE3654E95DB801B3C933F1 /* Pods.release.xcconfig */ = {isa = PBXFileReference; includeInIndex = 1; lastKnownFileType = text.xcconfig; name = Pods.release.xcconfig; path = "../Pods/Target Support Files/Pods/Pods.release.xcconfig"; sourceTree = "<group>"; };
		C0C91E0E27672C932A67A6E9 /* Pods.release.xcconfig */ = {isa = PBXFileReference; includeInIndex = 1; lastKnownFileType = text.xcconfig; name = Pods.release.xcconfig; path = "Pods/Target Support Files/Pods/Pods.release.xcconfig"; sourceTree = "<group>"; };
		FC6DA04EBC7410758AC0026C /* Pods.debug.xcconfig */ = {isa = PBXFileReference; includeInIndex = 1; lastKnownFileType = text.xcconfig; name = Pods.debug.xcconfig; path = "Pods/Target Support Files/Pods/Pods.debug.xcconfig"; sourceTree = "<group>"; };
/* End PBXFileReference section */

/* Begin PBXFrameworksBuildPhase section */
		184B65271B3F60AC00B1483C /* Frameworks */ = {
			isa = PBXFrameworksBuildPhase;
			buildActionMask = 2147483647;
			files = (
				184B65941B4088E700B1483C /* libz.1.dylib in Frameworks */,
				184B65921B4082E300B1483C /* CFNetwork.framework in Frameworks */,
				184B65901B4082CF00B1483C /* libz.dylib in Frameworks */,
				184B658E1B40827500B1483C /* SystemConfiguration.framework in Frameworks */,
				184B655A1B3F9C6D00B1483C /* MobileCoreServices.framework in Frameworks */,
				841C5DFEE3B6EF173475CBA7 /* libPods.a in Frameworks */,
			);
			runOnlyForDeploymentPostprocessing = 0;
		};
		184B65401B3F60AC00B1483C /* Frameworks */ = {
			isa = PBXFrameworksBuildPhase;
			buildActionMask = 2147483647;
			files = (
			);
			runOnlyForDeploymentPostprocessing = 0;
		};
/* End PBXFrameworksBuildPhase section */

/* Begin PBXGroup section */
		183956F91B4515A900B47FC2 /* Authentication */ = {
			isa = PBXGroup;
			children = (
				184B65531B3F84A700B1483C /* WelcomePageViewController.h */,
				184B65541B3F84A700B1483C /* WelcomePageViewController.m */,
				184B65561B3F944D00B1483C /* SignUpViewController.h */,
				184B65571B3F944D00B1483C /* SignUpViewController.m */,
				184B65961B40E12100B1483C /* chooseGroupViewController.h */,
				184B65971B40E12100B1483C /* chooseGroupViewController.m */,
				1813C2FB1B50FBA20044CDDB /* ChooseGroupTableViewCell.h */,
				1813C2FC1B50FBA20044CDDB /* ChooseGroupTableViewCell.m */,
				184B655B1B3FBD9900B1483C /* SignInViewController.h */,
				184B655C1B3FBD9900B1483C /* SignInViewController.m */,
				184B655E1B3FC52900B1483C /* ConfirmationViewController.h */,
				184B655F1B3FC52900B1483C /* ConfirmationViewController.m */,
			);
			name = Authentication;
			sourceTree = "<group>";
		};
		184B65211B3F60AC00B1483C = {
			isa = PBXGroup;
			children = (
				1873C21B1B4D89300026C905 /* testCollectionViewCell.h */,
				1873C21C1B4D89300026C905 /* testCollectionViewCell.m */,
				1873C2181B4D83200026C905 /* TestNewsCollectionViewCell.h */,
				1873C2191B4D83200026C905 /* TestNewsCollectionViewCell.m */,
				1873C2121B4D7D000026C905 /* ViewController.h */,
				1873C2131B4D7D000026C905 /* ViewController.m */,
				180B11EA1B4B133400133E7C /* Podfile */,
				18243B111B43BA720036A345 /* CellInvitationTableView.h */,
				18243B121B43BA720036A345 /* CellInvitationTableView.m */,
				183957001B45382300B47FC2 /* cellGroupsCollectionView.h */,
				183957011B45382300B47FC2 /* cellGroupsCollectionView.m */,
				187C639C1B47470F00B3E3EA /* groupCollectionViewCell.h */,
				187C639D1B47470F00B3E3EA /* groupCollectionViewCell.m */,
				187C63BA1B49488400B3E3EA /* AllSectionsCellCollectionView.h */,
				187C63BB1B49488400B3E3EA /* AllSectionsCellCollectionView.m */,
				187C63BD1B494BF500B3E3EA /* AllSectionHeaderCollectionReusableView.h */,
				187C63BE1B494BF500B3E3EA /* AllSectionHeaderCollectionReusableView.m */,
				187C63C01B49525500B3E3EA /* AllSectionFooterCollectionReusableView.h */,
				187C63C11B49525500B3E3EA /* AllSectionFooterCollectionReusableView.m */,
				187C63CC1B4A326400B3E3EA /* SecEventTableViewCell.h */,
				187C63CD1B4A326400B3E3EA /* SecEventTableViewCell.m */,
				18EA68371B4BAED500F482FB /* MyEventsTableViewCell.h */,
				18EA68381B4BAED500F482FB /* MyEventsTableViewCell.m */,
				18D831701B4CC7F7003F5A86 /* HomeNewsCollectionViewCell.h */,
				18D831711B4CC7F7003F5A86 /* HomeNewsCollectionViewCell.m */,
				18D831731B4CE6E9003F5A86 /* HomeEventsTableViewCell.h */,
				18D831741B4CE6E9003F5A86 /* HomeEventsTableViewCell.m */,
				1813C2F81B50F1400044CDDB /* OfflinePicturesViewController.h */,
				1813C2F91B50F1400044CDDB /* OfflinePicturesViewController.m */,
				1813C2F51B50F1140044CDDB /* OfflinePicturesCollectionViewCell.h */,
				1813C2F61B50F1140044CDDB /* OfflinePicturesCollectionViewCell.m */,
				18D1CBB11B44C47A00B8B787 /* Images */,
				184B65951B40DDD700B1483C /* Frameworks */,
				184B652C1B3F60AC00B1483C /* دعوات قطر */,
				184B65461B3F60AC00B1483C /* دعوات قطرTests */,
				184B652B1B3F60AC00B1483C /* Products */,
				1D604C13789DEA7E3109C00A /* Pods */,
			);
			sourceTree = "<group>";
		};
		184B652B1B3F60AC00B1483C /* Products */ = {
			isa = PBXGroup;
			children = (
				184B652A1B3F60AC00B1483C /* دعوات قطر.app */,
				184B65431B3F60AC00B1483C /* دعوات قطرTests.xctest */,
			);
			name = Products;
			sourceTree = "<group>";
		};
		184B652C1B3F60AC00B1483C /* دعوات قطر */ = {
			isa = PBXGroup;
			children = (
				184B65591B3F9C6D00B1483C /* MobileCoreServices.framework */,
				184B65311B3F60AC00B1483C /* AppDelegate.h */,
				184B65321B3F60AC00B1483C /* AppDelegate.m */,
				183956F91B4515A900B47FC2 /* Authentication */,
				184B65991B411A0A00B1483C /* HomePageViewController.h */,
				184B659A1B411A0A00B1483C /* HomePageViewController.m */,
				187C63921B46259900B3E3EA /* MyProfileViewController.h */,
				187C63931B46259900B3E3EA /* MyProfileViewController.m */,
				189E45BD1B669FA8000A7066 /* MyLatestEventsTableViewCell.h */,
				189E45BE1B669FA8000A7066 /* MyLatestEventsTableViewCell.m */,
				184B659C1B41E9F400B1483C /* EditAccountViewController.h */,
				184B659D1B41E9F400B1483C /* EditAccountViewController.m */,
				182629141B4F72FB002E784F /* EditAccountTableViewCell.h */,
				182629151B4F72FB002E784F /* EditAccountTableViewCell.m */,
				18D1CBA41B4465D800B8B787 /* CreateEventViewController.h */,
				18D1CBA51B4465D800B8B787 /* CreateEventViewController.m */,
				182629171B4F7CBC002E784F /* ChooseTypeViewController.h */,
				182629181B4F7CBC002E784F /* ChooseTypeViewController.m */,
				1813C2EF1B4F98720044CDDB /* ChooseDateViewController.h */,
				1813C2F01B4F98720044CDDB /* ChooseDateViewController.m */,
				1826291A1B4F7F92002E784F /* ChooseTypeTableViewCell.h */,
				1826291B1B4F7F92002E784F /* ChooseTypeTableViewCell.m */,
				18EA68341B4BA8DD00F482FB /* MyEventsViewController.h */,
				18EA68351B4BA8DD00F482FB /* MyEventsViewController.m */,
				187C63991B473FE200B3E3EA /* InviteViewController.h */,
				187C639A1B473FE200B3E3EA /* InviteViewController.m */,
				18A202DC1B424D94005BD875 /* SearchTableViewController.h */,
				18A202DD1B424D94005BD875 /* SearchTableViewController.m */,
				18243AFF1B43730B0036A345 /* BuyInvitationsViewController.h */,
				18243B001B43730B0036A345 /* BuyInvitationsViewController.m */,
				184B659F1B421C0200B1483C /* GroupViewController.h */,
				184B65A01B421C0200B1483C /* GroupViewController.m */,
				189E45C01B670AD2000A7066 /* GroupUsersTableViewCell.h */,
				189E45C11B670AD2000A7066 /* GroupUsersTableViewCell.m */,
				1873C2201B4DAC5B0026C905 /* GroupsFooterCollectionReusableView.h */,
				1873C2211B4DAC5B0026C905 /* GroupsFooterCollectionReusableView.m */,
				1813C2F21B4FC1F00044CDDB /* GroupNewsCollectionViewCell.h */,
				1813C2F31B4FC1F00044CDDB /* GroupNewsCollectionViewCell.m */,
				187C63A51B478CE000B3E3EA /* AllSectionsViewController.h */,
				187C63A61B478CE000B3E3EA /* AllSectionsViewController.m */,
				187C63C61B49795100B3E3EA /* SecEventsViewController.h */,
				187C63C71B49795100B3E3EA /* SecEventsViewController.m */,
				18EA68241B4B3BCD00F482FB /* EventViewController.h */,
				18EA68251B4B3BCD00F482FB /* EventViewController.m */,
				18EA68271B4B566000F482FB /* EventAttendeesViewController.h */,
				18EA68281B4B566000F482FB /* EventAttendeesViewController.m */,
				18EA682A1B4B57C800F482FB /* AttendeeTableViewCell.h */,
				18EA682B1B4B57C800F482FB /* AttendeeTableViewCell.m */,
				18EA682D1B4B6C6F00F482FB /* UserViewController.h */,
				18EA682E1B4B6C6F00F482FB /* UserViewController.m */,
				184AE3041B51DDCE00BAE3E3 /* SendMessageViewController.h */,
				184AE3051B51DDCE00BAE3E3 /* SendMessageViewController.m */,
				1873C2231B4DCB760026C905 /* NewsViewController.h */,
				1873C2241B4DCB760026C905 /* NewsViewController.m */,
				1873C2261B4DE7280026C905 /* CommentsViewController.h */,
				1873C2271B4DE7280026C905 /* CommentsViewController.m */,
				1873C22C1B4DFDEA0026C905 /* CommentsFirstTableViewCell.h */,
				1873C22D1B4DFDEA0026C905 /* CommentsFirstTableViewCell.m */,
				1873C22F1B4E0EB20026C905 /* CommentsSecondTableViewCell.h */,
				1873C2301B4E0EB20026C905 /* CommentsSecondTableViewCell.m */,
				1873C2321B4E4C360026C905 /* MessagesViewController.h */,
				1873C2331B4E4C360026C905 /* MessagesViewController.m */,
				1873C2351B4E540B0026C905 /* MessagesFirstTableViewCell.h */,
				1873C2361B4E540B0026C905 /* MessagesFirstTableViewCell.m */,
				1873C2381B4E60490026C905 /* ReadMessageViewController.h */,
				1873C2391B4E60490026C905 /* ReadMessageViewController.m */,
				184AE3011B51148B00BAE3E3 /* SupportViewController.h */,
				184AE3021B51148B00BAE3E3 /* SupportViewController.m */,
				184B65371B3F60AC00B1483C /* Main.storyboard */,
				184AE3071B53573600BAE3E3 /* testViewController.h */,
				184AE3081B53573600BAE3E3 /* testViewController.m */,
				184B653A1B3F60AC00B1483C /* Images.xcassets */,
				184B653C1B3F60AC00B1483C /* LaunchScreen.xib */,
				184B652D1B3F60AC00B1483C /* Supporting Files */,
			);
			path = "دعوات قطر";
			sourceTree = "<group>";
		};
		184B652D1B3F60AC00B1483C /* Supporting Files */ = {
			isa = PBXGroup;
			children = (
				184B652E1B3F60AC00B1483C /* Info.plist */,
				184B652F1B3F60AC00B1483C /* main.m */,
			);
			name = "Supporting Files";
			sourceTree = "<group>";
		};
		184B65461B3F60AC00B1483C /* دعوات قطرTests */ = {
			isa = PBXGroup;
			children = (
				184B65491B3F60AC00B1483C /* _________Tests.m */,
				184B65471B3F60AC00B1483C /* Supporting Files */,
			);
			path = "دعوات قطرTests";
			sourceTree = "<group>";
		};
		184B65471B3F60AC00B1483C /* Supporting Files */ = {
			isa = PBXGroup;
			children = (
				184B65481B3F60AC00B1483C /* Info.plist */,
			);
			name = "Supporting Files";
			sourceTree = "<group>";
		};
		184B65951B40DDD700B1483C /* Frameworks */ = {
			isa = PBXGroup;
			children = (
				187C0AFF1B44F55700A1800B /* TPKeyboardAvoidingScrollView.h */,
				187C0B001B44F55700A1800B /* TPKeyboardAvoidingScrollView.m */,
				184B65931B4088E700B1483C /* libz.1.dylib */,
				184B65911B4082E300B1483C /* CFNetwork.framework */,
				184B658F1B4082CF00B1483C /* libz.dylib */,
				184B658D1B40827500B1483C /* SystemConfiguration.framework */,
				184B65841B40817700B1483C /* ASIFormDataRequest.h */,
				184B65851B40817700B1483C /* ASIFormDataRequest.m */,
				184B65871B40818400B1483C /* ASINetworkQueue.h */,
				184B65881B40818400B1483C /* ASINetworkQueue.m */,
				184B65641B407CCE00B1483C /* ASIHTTPRequest.h */,
				184B65651B407CCE00B1483C /* ASIHTTPRequest.m */,
				184B658A1B4081B300B1483C /* ASIDownloadCache.h */,
				184B658B1B4081B300B1483C /* ASIDownloadCache.m */,
				184B65671B407D5200B1483C /* ASICacheDelegate.h */,
				184B65681B407D5200B1483C /* ASIHTTPRequestConfig.h */,
				184B65691B407D5200B1483C /* ASIHTTPRequestDelegate.h */,
				184B656A1B407D5200B1483C /* ASIProgressDelegate.h */,
				184B65741B40802500B1483C /* ASIAuthenticationDialog.h */,
				184B65751B40802500B1483C /* ASIAuthenticationDialog.m */,
				184B65781B40805E00B1483C /* ASIInputStream.h */,
				184B65791B40805E00B1483C /* ASIInputStream.m */,
				184B657C1B40809E00B1483C /* ASIDataDecompressor.h */,
				184B657D1B40809E00B1483C /* ASIDataDecompressor.m */,
				184B657F1B4080BC00B1483C /* ASIDataCompressor.h */,
				184B65801B4080BC00B1483C /* ASIDataCompressor.m */,
				184B656B1B407DB700B1483C /* Reachability.h */,
				184B656C1B407DB700B1483C /* Reachability.m */,
				4E71B13EE20BEF99BEFA3ED8 /* libPods.a */,
			);
			name = Frameworks;
			sourceTree = "<group>";
		};
		18D1CBB11B44C47A00B8B787 /* Images */ = {
			isa = PBXGroup;
			children = (
				189E45C51B6718CD000A7066 /* groupFrame2.png */,
				189E45C31B671852000A7066 /* GroupFrame.png */,
				189E45BB1B660DF2000A7066 /* calendars12.png */,
				18F0A6F51B63399700221F3E /* back2.png */,
				18B589C61B6749E3009F8B90 /* royal.png */,
				18B589C41B674242009F8B90 /* UserGroup.png */,
			);
			name = Images;
			sourceTree = "<group>";
		};
		1D604C13789DEA7E3109C00A /* Pods */ = {
			isa = PBXGroup;
			children = (
				468BD36381F55A3ECC251532 /* Pods.debug.xcconfig */,
				53FE3654E95DB801B3C933F1 /* Pods.release.xcconfig */,
				FC6DA04EBC7410758AC0026C /* Pods.debug.xcconfig */,
				C0C91E0E27672C932A67A6E9 /* Pods.release.xcconfig */,
			);
			name = Pods;
			sourceTree = "<group>";
		};
/* End PBXGroup section */

/* Begin PBXNativeTarget section */
		184B65291B3F60AC00B1483C /* دعوات قطر */ = {
			isa = PBXNativeTarget;
			buildConfigurationList = 184B654D1B3F60AC00B1483C /* Build configuration list for PBXNativeTarget "دعوات قطر" */;
			buildPhases = (
				90EFD78D9C78F0951A91C66D /* Check Pods Manifest.lock */,
				184B65261B3F60AC00B1483C /* Sources */,
				184B65271B3F60AC00B1483C /* Frameworks */,
				184B65281B3F60AC00B1483C /* Resources */,
				5845957840918BB9053DA2C1 /* Copy Pods Resources */,
			);
			buildRules = (
			);
			dependencies = (
			);
			name = "دعوات قطر";
			productName = "دعوات قطر";
			productReference = 184B652A1B3F60AC00B1483C /* دعوات قطر.app */;
			productType = "com.apple.product-type.application";
		};
		184B65421B3F60AC00B1483C /* دعوات قطرTests */ = {
			isa = PBXNativeTarget;
			buildConfigurationList = 184B65501B3F60AC00B1483C /* Build configuration list for PBXNativeTarget "دعوات قطرTests" */;
			buildPhases = (
				184B653F1B3F60AC00B1483C /* Sources */,
				184B65401B3F60AC00B1483C /* Frameworks */,
				184B65411B3F60AC00B1483C /* Resources */,
			);
			buildRules = (
			);
			dependencies = (
				184B65451B3F60AC00B1483C /* PBXTargetDependency */,
			);
			name = "دعوات قطرTests";
			productName = "دعوات قطرTests";
			productReference = 184B65431B3F60AC00B1483C /* دعوات قطرTests.xctest */;
			productType = "com.apple.product-type.bundle.unit-test";
		};
/* End PBXNativeTarget section */

/* Begin PBXProject section */
		184B65221B3F60AC00B1483C /* Project object */ = {
			isa = PBXProject;
			attributes = {
				LastUpgradeCheck = 0630;
				ORGANIZATIONNAME = Bixls;
				TargetAttributes = {
					184B65291B3F60AC00B1483C = {
						CreatedOnToolsVersion = 6.3.2;
					};
					184B65421B3F60AC00B1483C = {
						CreatedOnToolsVersion = 6.3.2;
						TestTargetID = 184B65291B3F60AC00B1483C;
					};
				};
			};
			buildConfigurationList = 184B65251B3F60AC00B1483C /* Build configuration list for PBXProject "دعوات قطر" */;
			compatibilityVersion = "Xcode 3.2";
			developmentRegion = English;
			hasScannedForEncodings = 0;
			knownRegions = (
				en,
				Base,
			);
			mainGroup = 184B65211B3F60AC00B1483C;
			productRefGroup = 184B652B1B3F60AC00B1483C /* Products */;
			projectDirPath = "";
			projectRoot = "";
			targets = (
				184B65291B3F60AC00B1483C /* دعوات قطر */,
				184B65421B3F60AC00B1483C /* دعوات قطرTests */,
			);
		};
/* End PBXProject section */

/* Begin PBXResourcesBuildPhase section */
		184B65281B3F60AC00B1483C /* Resources */ = {
			isa = PBXResourcesBuildPhase;
			buildActionMask = 2147483647;
			files = (
				184B65391B3F60AC00B1483C /* Main.storyboard in Resources */,
				189E45BC1B660DF2000A7066 /* calendars12.png in Resources */,
				184B653E1B3F60AC00B1483C /* LaunchScreen.xib in Resources */,
				18B589C71B6749E3009F8B90 /* royal.png in Resources */,
				189E45C61B6718CD000A7066 /* groupFrame2.png in Resources */,
				18B589C51B674242009F8B90 /* UserGroup.png in Resources */,
				189E45C41B671852000A7066 /* GroupFrame.png in Resources */,
				184B653B1B3F60AC00B1483C /* Images.xcassets in Resources */,
				18F0A6F61B63399700221F3E /* back2.png in Resources */,
			);
			runOnlyForDeploymentPostprocessing = 0;
		};
		184B65411B3F60AC00B1483C /* Resources */ = {
			isa = PBXResourcesBuildPhase;
			buildActionMask = 2147483647;
			files = (
			);
			runOnlyForDeploymentPostprocessing = 0;
		};
/* End PBXResourcesBuildPhase section */

/* Begin PBXShellScriptBuildPhase section */
		5845957840918BB9053DA2C1 /* Copy Pods Resources */ = {
			isa = PBXShellScriptBuildPhase;
			buildActionMask = 2147483647;
			files = (
			);
			inputPaths = (
			);
			name = "Copy Pods Resources";
			outputPaths = (
			);
			runOnlyForDeploymentPostprocessing = 0;
			shellPath = /bin/sh;
			shellScript = "\"${SRCROOT}/Pods/Target Support Files/Pods/Pods-resources.sh\"\n";
			showEnvVarsInLog = 0;
		};
		90EFD78D9C78F0951A91C66D /* Check Pods Manifest.lock */ = {
			isa = PBXShellScriptBuildPhase;
			buildActionMask = 2147483647;
			files = (
			);
			inputPaths = (
			);
			name = "Check Pods Manifest.lock";
			outputPaths = (
			);
			runOnlyForDeploymentPostprocessing = 0;
			shellPath = /bin/sh;
			shellScript = "diff \"${PODS_ROOT}/../Podfile.lock\" \"${PODS_ROOT}/Manifest.lock\" > /dev/null\nif [[ $? != 0 ]] ; then\n    cat << EOM\nerror: The sandbox is not in sync with the Podfile.lock. Run 'pod install' or update your CocoaPods installation.\nEOM\n    exit 1\nfi\n";
			showEnvVarsInLog = 0;
		};
/* End PBXShellScriptBuildPhase section */

/* Begin PBXSourcesBuildPhase section */
		184B65261B3F60AC00B1483C /* Sources */ = {
			isa = PBXSourcesBuildPhase;
			buildActionMask = 2147483647;
			files = (
				184B65821B4080D600B1483C /* ASIDataDecompressor.h in Sources */,
				184AE3031B51148B00BAE3E3 /* SupportViewController.m in Sources */,
				184B65861B40817700B1483C /* ASIFormDataRequest.m in Sources */,
				184B65831B4080D600B1483C /* ASIDataCompressor.h in Sources */,
				1873C2141B4D7D000026C905 /* ViewController.m in Sources */,
				18D831721B4CC7F7003F5A86 /* HomeNewsCollectionViewCell.m in Sources */,
				18A202DE1B424D94005BD875 /* SearchTableViewController.m in Sources */,
				1873C2281B4DE7280026C905 /* CommentsViewController.m in Sources */,
				184B657B1B40808900B1483C /* ASIInputStream.h in Sources */,
				184B65771B40804A00B1483C /* ASIAuthenticationDialog.h in Sources */,
				1873C2311B4E0EB20026C905 /* CommentsSecondTableViewCell.m in Sources */,
				18EA68291B4B566000F482FB /* EventAttendeesViewController.m in Sources */,
				184B656E1B407F6B00B1483C /* ASIHTTPRequest.h in Sources */,
				187C639E1B47470F00B3E3EA /* groupCollectionViewCell.m in Sources */,
				187C63BC1B49488400B3E3EA /* AllSectionsCellCollectionView.m in Sources */,
				187C639B1B473FE200B3E3EA /* InviteViewController.m in Sources */,
				184B657A1B40805E00B1483C /* ASIInputStream.m in Sources */,
				184B656F1B407F6B00B1483C /* ASICacheDelegate.h in Sources */,
				184B65891B40818400B1483C /* ASINetworkQueue.m in Sources */,
				184B65701B407F6B00B1483C /* ASIHTTPRequestConfig.h in Sources */,
				184B657E1B40809E00B1483C /* ASIDataDecompressor.m in Sources */,
				187C63A71B478CE000B3E3EA /* AllSectionsViewController.m in Sources */,
				184AE3091B53573600BAE3E3 /* testViewController.m in Sources */,
				184B659B1B411A0A00B1483C /* HomePageViewController.m in Sources */,
				184B65711B407F6B00B1483C /* ASIHTTPRequestDelegate.h in Sources */,
				1813C2F71B50F1140044CDDB /* OfflinePicturesCollectionViewCell.m in Sources */,
				1873C22E1B4DFDEA0026C905 /* CommentsFirstTableViewCell.m in Sources */,
				184B658C1B4081B300B1483C /* ASIDownloadCache.m in Sources */,
				18EA682C1B4B57C800F482FB /* AttendeeTableViewCell.m in Sources */,
				184B65721B407F6B00B1483C /* ASIProgressDelegate.h in Sources */,
				182629191B4F7CBC002E784F /* ChooseTypeViewController.m in Sources */,
				184B65731B407F6B00B1483C /* Reachability.h in Sources */,
				18EA682F1B4B6C6F00F482FB /* UserViewController.m in Sources */,
				18243B131B43BA720036A345 /* CellInvitationTableView.m in Sources */,
				1873C2341B4E4C360026C905 /* MessagesViewController.m in Sources */,
				182629161B4F72FB002E784F /* EditAccountTableViewCell.m in Sources */,
				184B659E1B41E9F400B1483C /* EditAccountViewController.m in Sources */,
				1873C2371B4E540B0026C905 /* MessagesFirstTableViewCell.m in Sources */,
				18D1CBA61B4465D800B8B787 /* CreateEventViewController.m in Sources */,
				18EA68361B4BA8DD00F482FB /* MyEventsViewController.m in Sources */,
				1813C2FD1B50FBA20044CDDB /* ChooseGroupTableViewCell.m in Sources */,
				18EA68261B4B3BCD00F482FB /* EventViewController.m in Sources */,
				184B65A11B421C0200B1483C /* GroupViewController.m in Sources */,
				1873C21D1B4D89300026C905 /* testCollectionViewCell.m in Sources */,
				187C0B011B44F55700A1800B /* TPKeyboardAvoidingScrollView.m in Sources */,
				187C63C81B49795100B3E3EA /* SecEventsViewController.m in Sources */,
				187C63CE1B4A326400B3E3EA /* SecEventTableViewCell.m in Sources */,
				184B65981B40E12100B1483C /* chooseGroupViewController.m in Sources */,
				1813C2F41B4FC1F00044CDDB /* GroupNewsCollectionViewCell.m in Sources */,
				1826291C1B4F7F92002E784F /* ChooseTypeTableViewCell.m in Sources */,
				18243B011B43730B0036A345 /* BuyInvitationsViewController.m in Sources */,
				183957021B45382300B47FC2 /* cellGroupsCollectionView.m in Sources */,
				1813C2F11B4F98720044CDDB /* ChooseDateViewController.m in Sources */,
				18EA68391B4BAED500F482FB /* MyEventsTableViewCell.m in Sources */,
				1873C23A1B4E60490026C905 /* ReadMessageViewController.m in Sources */,
				1873C2221B4DAC5B0026C905 /* GroupsFooterCollectionReusableView.m in Sources */,
				184AE3061B51DDCF00BAE3E3 /* SendMessageViewController.m in Sources */,
				184B65811B4080BC00B1483C /* ASIDataCompressor.m in Sources */,
				184B656D1B407DB700B1483C /* Reachability.m in Sources */,
				184B65761B40802500B1483C /* ASIAuthenticationDialog.m in Sources */,
				18D831751B4CE6E9003F5A86 /* HomeEventsTableViewCell.m in Sources */,
				1873C21A1B4D83200026C905 /* TestNewsCollectionViewCell.m in Sources */,
				184B65661B407CCE00B1483C /* ASIHTTPRequest.m in Sources */,
				189E45BF1B669FA8000A7066 /* MyLatestEventsTableViewCell.m in Sources */,
				1813C2FA1B50F1400044CDDB /* OfflinePicturesViewController.m in Sources */,
				184B655D1B3FBD9900B1483C /* SignInViewController.m in Sources */,
				184B65601B3FC52900B1483C /* ConfirmationViewController.m in Sources */,
				184B65551B3F84A700B1483C /* WelcomePageViewController.m in Sources */,
				184B65331B3F60AC00B1483C /* AppDelegate.m in Sources */,
				187C63941B46259900B3E3EA /* MyProfileViewController.m in Sources */,
				184B65581B3F944D00B1483C /* SignUpViewController.m in Sources */,
				187C63C21B49525500B3E3EA /* AllSectionFooterCollectionReusableView.m in Sources */,
				1873C2251B4DCB760026C905 /* NewsViewController.m in Sources */,
				184B65301B3F60AC00B1483C /* main.m in Sources */,
				189E45C21B670AD2000A7066 /* GroupUsersTableViewCell.m in Sources */,
				187C63BF1B494BF500B3E3EA /* AllSectionHeaderCollectionReusableView.m in Sources */,
			);
			runOnlyForDeploymentPostprocessing = 0;
		};
		184B653F1B3F60AC00B1483C /* Sources */ = {
			isa = PBXSourcesBuildPhase;
			buildActionMask = 2147483647;
			files = (
				184B654A1B3F60AC00B1483C /* _________Tests.m in Sources */,
			);
			runOnlyForDeploymentPostprocessing = 0;
		};
/* End PBXSourcesBuildPhase section */

/* Begin PBXTargetDependency section */
		184B65451B3F60AC00B1483C /* PBXTargetDependency */ = {
			isa = PBXTargetDependency;
			target = 184B65291B3F60AC00B1483C /* دعوات قطر */;
			targetProxy = 184B65441B3F60AC00B1483C /* PBXContainerItemProxy */;
		};
/* End PBXTargetDependency section */

/* Begin PBXVariantGroup section */
		184B65371B3F60AC00B1483C /* Main.storyboard */ = {
			isa = PBXVariantGroup;
			children = (
				184B65381B3F60AC00B1483C /* Base */,
			);
			name = Main.storyboard;
			sourceTree = "<group>";
		};
		184B653C1B3F60AC00B1483C /* LaunchScreen.xib */ = {
			isa = PBXVariantGroup;
			children = (
				184B653D1B3F60AC00B1483C /* Base */,
			);
			name = LaunchScreen.xib;
			sourceTree = "<group>";
		};
/* End PBXVariantGroup section */

/* Begin XCBuildConfiguration section */
		184B654B1B3F60AC00B1483C /* Debug */ = {
			isa = XCBuildConfiguration;
			buildSettings = {
				ALWAYS_SEARCH_USER_PATHS = NO;
				CLANG_CXX_LANGUAGE_STANDARD = "gnu++0x";
				CLANG_CXX_LIBRARY = "libc++";
				CLANG_ENABLE_MODULES = YES;
				CLANG_ENABLE_OBJC_ARC = YES;
				CLANG_WARN_BOOL_CONVERSION = YES;
				CLANG_WARN_CONSTANT_CONVERSION = YES;
				CLANG_WARN_DIRECT_OBJC_ISA_USAGE = YES_ERROR;
				CLANG_WARN_EMPTY_BODY = YES;
				CLANG_WARN_ENUM_CONVERSION = YES;
				CLANG_WARN_INT_CONVERSION = YES;
				CLANG_WARN_OBJC_ROOT_CLASS = YES_ERROR;
				CLANG_WARN_UNREACHABLE_CODE = YES;
				CLANG_WARN__DUPLICATE_METHOD_MATCH = YES;
				"CODE_SIGN_IDENTITY[sdk=iphoneos*]" = "iPhone Developer";
				COPY_PHASE_STRIP = NO;
				DEBUG_INFORMATION_FORMAT = "dwarf-with-dsym";
				ENABLE_STRICT_OBJC_MSGSEND = YES;
				GCC_C_LANGUAGE_STANDARD = gnu99;
				GCC_DYNAMIC_NO_PIC = NO;
				GCC_NO_COMMON_BLOCKS = YES;
				GCC_OPTIMIZATION_LEVEL = 0;
				GCC_PREPROCESSOR_DEFINITIONS = (
					"DEBUG=1",
					"$(inherited)",
				);
				GCC_SYMBOLS_PRIVATE_EXTERN = NO;
				GCC_WARN_64_TO_32_BIT_CONVERSION = YES;
				GCC_WARN_ABOUT_RETURN_TYPE = YES_ERROR;
				GCC_WARN_UNDECLARED_SELECTOR = YES;
				GCC_WARN_UNINITIALIZED_AUTOS = YES_AGGRESSIVE;
				GCC_WARN_UNUSED_FUNCTION = YES;
				GCC_WARN_UNUSED_VARIABLE = YES;
				IPHONEOS_DEPLOYMENT_TARGET = 8.3;
				MTL_ENABLE_DEBUG_INFO = YES;
				ONLY_ACTIVE_ARCH = YES;
				SDKROOT = iphoneos;
			};
			name = Debug;
		};
		184B654C1B3F60AC00B1483C /* Release */ = {
			isa = XCBuildConfiguration;
			buildSettings = {
				ALWAYS_SEARCH_USER_PATHS = NO;
				CLANG_CXX_LANGUAGE_STANDARD = "gnu++0x";
				CLANG_CXX_LIBRARY = "libc++";
				CLANG_ENABLE_MODULES = YES;
				CLANG_ENABLE_OBJC_ARC = YES;
				CLANG_WARN_BOOL_CONVERSION = YES;
				CLANG_WARN_CONSTANT_CONVERSION = YES;
				CLANG_WARN_DIRECT_OBJC_ISA_USAGE = YES_ERROR;
				CLANG_WARN_EMPTY_BODY = YES;
				CLANG_WARN_ENUM_CONVERSION = YES;
				CLANG_WARN_INT_CONVERSION = YES;
				CLANG_WARN_OBJC_ROOT_CLASS = YES_ERROR;
				CLANG_WARN_UNREACHABLE_CODE = YES;
				CLANG_WARN__DUPLICATE_METHOD_MATCH = YES;
				"CODE_SIGN_IDENTITY[sdk=iphoneos*]" = "iPhone Developer";
				COPY_PHASE_STRIP = NO;
				DEBUG_INFORMATION_FORMAT = "dwarf-with-dsym";
				ENABLE_NS_ASSERTIONS = NO;
				ENABLE_STRICT_OBJC_MSGSEND = YES;
				GCC_C_LANGUAGE_STANDARD = gnu99;
				GCC_NO_COMMON_BLOCKS = YES;
				GCC_WARN_64_TO_32_BIT_CONVERSION = YES;
				GCC_WARN_ABOUT_RETURN_TYPE = YES_ERROR;
				GCC_WARN_UNDECLARED_SELECTOR = YES;
				GCC_WARN_UNINITIALIZED_AUTOS = YES_AGGRESSIVE;
				GCC_WARN_UNUSED_FUNCTION = YES;
				GCC_WARN_UNUSED_VARIABLE = YES;
				IPHONEOS_DEPLOYMENT_TARGET = 8.3;
				MTL_ENABLE_DEBUG_INFO = NO;
				SDKROOT = iphoneos;
				VALIDATE_PRODUCT = YES;
			};
			name = Release;
		};
		184B654E1B3F60AC00B1483C /* Debug */ = {
			isa = XCBuildConfiguration;
			baseConfigurationReference = FC6DA04EBC7410758AC0026C /* Pods.debug.xcconfig */;
			buildSettings = {
				ASSETCATALOG_COMPILER_APPICON_NAME = AppIcon;
				ASSETCATALOG_COMPILER_LAUNCHIMAGE_NAME = LaunchImage;
				INFOPLIST_FILE = "دعوات قطر/Info.plist";
				LD_RUNPATH_SEARCH_PATHS = "$(inherited) @executable_path/Frameworks";
				PRODUCT_NAME = "$(TARGET_NAME)";
			};
			name = Debug;
		};
		184B654F1B3F60AC00B1483C /* Release */ = {
			isa = XCBuildConfiguration;
			baseConfigurationReference = C0C91E0E27672C932A67A6E9 /* Pods.release.xcconfig */;
			buildSettings = {
				ASSETCATALOG_COMPILER_APPICON_NAME = AppIcon;
				ASSETCATALOG_COMPILER_LAUNCHIMAGE_NAME = LaunchImage;
				INFOPLIST_FILE = "دعوات قطر/Info.plist";
				LD_RUNPATH_SEARCH_PATHS = "$(inherited) @executable_path/Frameworks";
				PRODUCT_NAME = "$(TARGET_NAME)";
			};
			name = Release;
		};
		184B65511B3F60AC00B1483C /* Debug */ = {
			isa = XCBuildConfiguration;
			buildSettings = {
				BUNDLE_LOADER = "$(TEST_HOST)";
				FRAMEWORK_SEARCH_PATHS = (
					"$(SDKROOT)/Developer/Library/Frameworks",
					"$(inherited)",
				);
				GCC_PREPROCESSOR_DEFINITIONS = (
					"DEBUG=1",
					"$(inherited)",
				);
				INFOPLIST_FILE = "دعوات قطرTests/Info.plist";
				LD_RUNPATH_SEARCH_PATHS = "$(inherited) @executable_path/Frameworks @loader_path/Frameworks";
				PRODUCT_NAME = "$(TARGET_NAME)";
				TEST_HOST = "$(BUILT_PRODUCTS_DIR)/دعوات قطر.app/دعوات قطر";
			};
			name = Debug;
		};
		184B65521B3F60AC00B1483C /* Release */ = {
			isa = XCBuildConfiguration;
			buildSettings = {
				BUNDLE_LOADER = "$(TEST_HOST)";
				FRAMEWORK_SEARCH_PATHS = (
					"$(SDKROOT)/Developer/Library/Frameworks",
					"$(inherited)",
				);
				INFOPLIST_FILE = "دعوات قطرTests/Info.plist";
				LD_RUNPATH_SEARCH_PATHS = "$(inherited) @executable_path/Frameworks @loader_path/Frameworks";
				PRODUCT_NAME = "$(TARGET_NAME)";
				TEST_HOST = "$(BUILT_PRODUCTS_DIR)/دعوات قطر.app/دعوات قطر";
			};
			name = Release;
		};
/* End XCBuildConfiguration section */

/* Begin XCConfigurationList section */
		184B65251B3F60AC00B1483C /* Build configuration list for PBXProject "دعوات قطر" */ = {
			isa = XCConfigurationList;
			buildConfigurations = (
				184B654B1B3F60AC00B1483C /* Debug */,
				184B654C1B3F60AC00B1483C /* Release */,
			);
			defaultConfigurationIsVisible = 0;
			defaultConfigurationName = Release;
		};
		184B654D1B3F60AC00B1483C /* Build configuration list for PBXNativeTarget "دعوات قطر" */ = {
			isa = XCConfigurationList;
			buildConfigurations = (
				184B654E1B3F60AC00B1483C /* Debug */,
				184B654F1B3F60AC00B1483C /* Release */,
			);
			defaultConfigurationIsVisible = 0;
			defaultConfigurationName = Release;
		};
		184B65501B3F60AC00B1483C /* Build configuration list for PBXNativeTarget "دعوات قطرTests" */ = {
			isa = XCConfigurationList;
			buildConfigurations = (
				184B65511B3F60AC00B1483C /* Debug */,
				184B65521B3F60AC00B1483C /* Release */,
			);
			defaultConfigurationIsVisible = 0;
			defaultConfigurationName = Release;
		};
/* End XCConfigurationList section */
	};
	rootObject = 184B65221B3F60AC00B1483C /* Project object */;
}
