// !$*UTF8*$!
{
	archiveVersion = 1;
	classes = {
	};
	objectVersion = 46;
	objects = {

/* Begin PBXBuildFile section */
		184B65301B3F60AC00B1483C /* main.m in Sources */ = {isa = PBXBuildFile; fileRef = 184B652F1B3F60AC00B1483C /* main.m */; };
		184B65331B3F60AC00B1483C /* AppDelegate.m in Sources */ = {isa = PBXBuildFile; fileRef = 184B65321B3F60AC00B1483C /* AppDelegate.m */; };
		184B65391B3F60AC00B1483C /* Main.storyboard in Resources */ = {isa = PBXBuildFile; fileRef = 184B65371B3F60AC00B1483C /* Main.storyboard */; };
		184B653B1B3F60AC00B1483C /* Images.xcassets in Resources */ = {isa = PBXBuildFile; fileRef = 184B653A1B3F60AC00B1483C /* Images.xcassets */; };
		184B653E1B3F60AC00B1483C /* LaunchScreen.xib in Resources */ = {isa = PBXBuildFile; fileRef = 184B653C1B3F60AC00B1483C /* LaunchScreen.xib */; };
		184B654A1B3F60AC00B1483C /* _________Tests.m in Sources */ = {isa = PBXBuildFile; fileRef = 184B65491B3F60AC00B1483C /* _________Tests.m */; };
		184B65551B3F84A700B1483C /* WelcomePageViewController.m in Sources */ = {isa = PBXBuildFile; fileRef = 184B65541B3F84A700B1483C /* WelcomePageViewController.m */; };
		184B65581B3F944D00B1483C /* SignUpViewController.m in Sources */ = {isa = PBXBuildFile; fileRef = 184B65571B3F944D00B1483C /* SignUpViewController.m */; };
		184B655A1B3F9C6D00B1483C /* MobileCoreServices.framework in Frameworks */ = {isa = PBXBuildFile; fileRef = 184B65591B3F9C6D00B1483C /* MobileCoreServices.framework */; };
		184B655D1B3FBD9900B1483C /* SignInViewController.m in Sources */ = {isa = PBXBuildFile; fileRef = 184B655C1B3FBD9900B1483C /* SignInViewController.m */; };
		184B65601B3FC52900B1483C /* ConfirmationViewController.m in Sources */ = {isa = PBXBuildFile; fileRef = 184B655F1B3FC52900B1483C /* ConfirmationViewController.m */; };
/* End PBXBuildFile section */

/* Begin PBXContainerItemProxy section */
		184B65441B3F60AC00B1483C /* PBXContainerItemProxy */ = {
			isa = PBXContainerItemProxy;
			containerPortal = 184B65221B3F60AC00B1483C /* Project object */;
			proxyType = 1;
			remoteGlobalIDString = 184B65291B3F60AC00B1483C;
			remoteInfo = "دعوات قطر";
		};
/* End PBXContainerItemProxy section */

/* Begin PBXFileReference section */
		184B652A1B3F60AC00B1483C /* دعوات قطر.app */ = {isa = PBXFileReference; explicitFileType = wrapper.application; includeInIndex = 0; path = "دعوات قطر.app"; sourceTree = BUILT_PRODUCTS_DIR; };
		184B652E1B3F60AC00B1483C /* Info.plist */ = {isa = PBXFileReference; lastKnownFileType = text.plist.xml; path = Info.plist; sourceTree = "<group>"; };
		184B652F1B3F60AC00B1483C /* main.m */ = {isa = PBXFileReference; lastKnownFileType = sourcecode.c.objc; path = main.m; sourceTree = "<group>"; };
		184B65311B3F60AC00B1483C /* AppDelegate.h */ = {isa = PBXFileReference; lastKnownFileType = sourcecode.c.h; path = AppDelegate.h; sourceTree = "<group>"; };
		184B65321B3F60AC00B1483C /* AppDelegate.m */ = {isa = PBXFileReference; lastKnownFileType = sourcecode.c.objc; path = AppDelegate.m; sourceTree = "<group>"; };
		184B65381B3F60AC00B1483C /* Base */ = {isa = PBXFileReference; lastKnownFileType = file.storyboard; name = Base; path = Base.lproj/Main.storyboard; sourceTree = "<group>"; };
		184B653A1B3F60AC00B1483C /* Images.xcassets */ = {isa = PBXFileReference; lastKnownFileType = folder.assetcatalog; path = Images.xcassets; sourceTree = "<group>"; };
		184B653D1B3F60AC00B1483C /* Base */ = {isa = PBXFileReference; lastKnownFileType = file.xib; name = Base; path = Base.lproj/LaunchScreen.xib; sourceTree = "<group>"; };
		184B65431B3F60AC00B1483C /* دعوات قطرTests.xctest */ = {isa = PBXFileReference; explicitFileType = wrapper.cfbundle; includeInIndex = 0; path = "دعوات قطرTests.xctest"; sourceTree = BUILT_PRODUCTS_DIR; };
		184B65481B3F60AC00B1483C /* Info.plist */ = {isa = PBXFileReference; lastKnownFileType = text.plist.xml; path = Info.plist; sourceTree = "<group>"; };
		184B65491B3F60AC00B1483C /* _________Tests.m */ = {isa = PBXFileReference; lastKnownFileType = sourcecode.c.objc; path = "_________Tests.m"; sourceTree = "<group>"; };
		184B65531B3F84A700B1483C /* WelcomePageViewController.h */ = {isa = PBXFileReference; fileEncoding = 4; lastKnownFileType = sourcecode.c.h; path = WelcomePageViewController.h; sourceTree = "<group>"; };
		184B65541B3F84A700B1483C /* WelcomePageViewController.m */ = {isa = PBXFileReference; fileEncoding = 4; lastKnownFileType = sourcecode.c.objc; path = WelcomePageViewController.m; sourceTree = "<group>"; };
		184B65561B3F944D00B1483C /* SignUpViewController.h */ = {isa = PBXFileReference; fileEncoding = 4; lastKnownFileType = sourcecode.c.h; path = SignUpViewController.h; sourceTree = "<group>"; };
		184B65571B3F944D00B1483C /* SignUpViewController.m */ = {isa = PBXFileReference; fileEncoding = 4; lastKnownFileType = sourcecode.c.objc; path = SignUpViewController.m; sourceTree = "<group>"; };
		184B65591B3F9C6D00B1483C /* MobileCoreServices.framework */ = {isa = PBXFileReference; lastKnownFileType = wrapper.framework; name = MobileCoreServices.framework; path = System/Library/Frameworks/MobileCoreServices.framework; sourceTree = SDKROOT; };
		184B655B1B3FBD9900B1483C /* SignInViewController.h */ = {isa = PBXFileReference; fileEncoding = 4; lastKnownFileType = sourcecode.c.h; path = SignInViewController.h; sourceTree = "<group>"; };
		184B655C1B3FBD9900B1483C /* SignInViewController.m */ = {isa = PBXFileReference; fileEncoding = 4; lastKnownFileType = sourcecode.c.objc; path = SignInViewController.m; sourceTree = "<group>"; };
		184B655E1B3FC52900B1483C /* ConfirmationViewController.h */ = {isa = PBXFileReference; fileEncoding = 4; lastKnownFileType = sourcecode.c.h; path = ConfirmationViewController.h; sourceTree = "<group>"; };
		184B655F1B3FC52900B1483C /* ConfirmationViewController.m */ = {isa = PBXFileReference; fileEncoding = 4; lastKnownFileType = sourcecode.c.objc; path = ConfirmationViewController.m; sourceTree = "<group>"; };
/* End PBXFileReference section */

/* Begin PBXFrameworksBuildPhase section */
		184B65271B3F60AC00B1483C /* Frameworks */ = {
			isa = PBXFrameworksBuildPhase;
			buildActionMask = 2147483647;
			files = (
				184B655A1B3F9C6D00B1483C /* MobileCoreServices.framework in Frameworks */,
			);
			runOnlyForDeploymentPostprocessing = 0;
		};
		184B65401B3F60AC00B1483C /* Frameworks */ = {
			isa = PBXFrameworksBuildPhase;
			buildActionMask = 2147483647;
			files = (
			);
			runOnlyForDeploymentPostprocessing = 0;
		};
/* End PBXFrameworksBuildPhase section */

/* Begin PBXGroup section */
		184B65211B3F60AC00B1483C = {
			isa = PBXGroup;
			children = (
				184B652C1B3F60AC00B1483C /* دعوات قطر */,
				184B65461B3F60AC00B1483C /* دعوات قطرTests */,
				184B652B1B3F60AC00B1483C /* Products */,
			);
			sourceTree = "<group>";
		};
		184B652B1B3F60AC00B1483C /* Products */ = {
			isa = PBXGroup;
			children = (
				184B652A1B3F60AC00B1483C /* دعوات قطر.app */,
				184B65431B3F60AC00B1483C /* دعوات قطرTests.xctest */,
			);
			name = Products;
			sourceTree = "<group>";
		};
		184B652C1B3F60AC00B1483C /* دعوات قطر */ = {
			isa = PBXGroup;
			children = (
				184B65591B3F9C6D00B1483C /* MobileCoreServices.framework */,
				184B65311B3F60AC00B1483C /* AppDelegate.h */,
				184B65321B3F60AC00B1483C /* AppDelegate.m */,
				184B65371B3F60AC00B1483C /* Main.storyboard */,
				184B65531B3F84A700B1483C /* WelcomePageViewController.h */,
				184B65541B3F84A700B1483C /* WelcomePageViewController.m */,
				184B65561B3F944D00B1483C /* SignUpViewController.h */,
				184B65571B3F944D00B1483C /* SignUpViewController.m */,
				184B655B1B3FBD9900B1483C /* SignInViewController.h */,
				184B655C1B3FBD9900B1483C /* SignInViewController.m */,
				184B655E1B3FC52900B1483C /* ConfirmationViewController.h */,
				184B655F1B3FC52900B1483C /* ConfirmationViewController.m */,
				184B653A1B3F60AC00B1483C /* Images.xcassets */,
				184B653C1B3F60AC00B1483C /* LaunchScreen.xib */,
				184B652D1B3F60AC00B1483C /* Supporting Files */,
			);
			path = "دعوات قطر";
			sourceTree = "<group>";
		};
		184B652D1B3F60AC00B1483C /* Supporting Files */ = {
			isa = PBXGroup;
			children = (
				184B652E1B3F60AC00B1483C /* Info.plist */,
				184B652F1B3F60AC00B1483C /* main.m */,
			);
			name = "Supporting Files";
			sourceTree = "<group>";
		};
		184B65461B3F60AC00B1483C /* دعوات قطرTests */ = {
			isa = PBXGroup;
			children = (
				184B65491B3F60AC00B1483C /* _________Tests.m */,
				184B65471B3F60AC00B1483C /* Supporting Files */,
			);
			path = "دعوات قطرTests";
			sourceTree = "<group>";
		};
		184B65471B3F60AC00B1483C /* Supporting Files */ = {
			isa = PBXGroup;
			children = (
				184B65481B3F60AC00B1483C /* Info.plist */,
			);
			name = "Supporting Files";
			sourceTree = "<group>";
		};
/* End PBXGroup section */

/* Begin PBXNativeTarget section */
		184B65291B3F60AC00B1483C /* دعوات قطر */ = {
			isa = PBXNativeTarget;
			buildConfigurationList = 184B654D1B3F60AC00B1483C /* Build configuration list for PBXNativeTarget "دعوات قطر" */;
			buildPhases = (
				184B65261B3F60AC00B1483C /* Sources */,
				184B65271B3F60AC00B1483C /* Frameworks */,
				184B65281B3F60AC00B1483C /* Resources */,
			);
			buildRules = (
			);
			dependencies = (
			);
			name = "دعوات قطر";
			productName = "دعوات قطر";
			productReference = 184B652A1B3F60AC00B1483C /* دعوات قطر.app */;
			productType = "com.apple.product-type.application";
		};
		184B65421B3F60AC00B1483C /* دعوات قطرTests */ = {
			isa = PBXNativeTarget;
			buildConfigurationList = 184B65501B3F60AC00B1483C /* Build configuration list for PBXNativeTarget "دعوات قطرTests" */;
			buildPhases = (
				184B653F1B3F60AC00B1483C /* Sources */,
				184B65401B3F60AC00B1483C /* Frameworks */,
				184B65411B3F60AC00B1483C /* Resources */,
			);
			buildRules = (
			);
			dependencies = (
				184B65451B3F60AC00B1483C /* PBXTargetDependency */,
			);
			name = "دعوات قطرTests";
			productName = "دعوات قطرTests";
			productReference = 184B65431B3F60AC00B1483C /* دعوات قطرTests.xctest */;
			productType = "com.apple.product-type.bundle.unit-test";
		};
/* End PBXNativeTarget section */

/* Begin PBXProject section */
		184B65221B3F60AC00B1483C /* Project object */ = {
			isa = PBXProject;
			attributes = {
				LastUpgradeCheck = 0630;
				ORGANIZATIONNAME = Bixls;
				TargetAttributes = {
					184B65291B3F60AC00B1483C = {
						CreatedOnToolsVersion = 6.3.2;
					};
					184B65421B3F60AC00B1483C = {
						CreatedOnToolsVersion = 6.3.2;
						TestTargetID = 184B65291B3F60AC00B1483C;
					};
				};
			};
			buildConfigurationList = 184B65251B3F60AC00B1483C /* Build configuration list for PBXProject "دعوات قطر" */;
			compatibilityVersion = "Xcode 3.2";
			developmentRegion = English;
			hasScannedForEncodings = 0;
			knownRegions = (
				en,
				Base,
			);
			mainGroup = 184B65211B3F60AC00B1483C;
			productRefGroup = 184B652B1B3F60AC00B1483C /* Products */;
			projectDirPath = "";
			projectRoot = "";
			targets = (
				184B65291B3F60AC00B1483C /* دعوات قطر */,
				184B65421B3F60AC00B1483C /* دعوات قطرTests */,
			);
		};
/* End PBXProject section */

/* Begin PBXResourcesBuildPhase section */
		184B65281B3F60AC00B1483C /* Resources */ = {
			isa = PBXResourcesBuildPhase;
			buildActionMask = 2147483647;
			files = (
				184B65391B3F60AC00B1483C /* Main.storyboard in Resources */,
				184B653E1B3F60AC00B1483C /* LaunchScreen.xib in Resources */,
				184B653B1B3F60AC00B1483C /* Images.xcassets in Resources */,
			);
			runOnlyForDeploymentPostprocessing = 0;
		};
		184B65411B3F60AC00B1483C /* Resources */ = {
			isa = PBXResourcesBuildPhase;
			buildActionMask = 2147483647;
			files = (
			);
			runOnlyForDeploymentPostprocessing = 0;
		};
/* End PBXResourcesBuildPhase section */

/* Begin PBXSourcesBuildPhase section */
		184B65261B3F60AC00B1483C /* Sources */ = {
			isa = PBXSourcesBuildPhase;
			buildActionMask = 2147483647;
			files = (
				184B655D1B3FBD9900B1483C /* SignInViewController.m in Sources */,
				184B65601B3FC52900B1483C /* ConfirmationViewController.m in Sources */,
				184B65551B3F84A700B1483C /* WelcomePageViewController.m in Sources */,
				184B65331B3F60AC00B1483C /* AppDelegate.m in Sources */,
				184B65581B3F944D00B1483C /* SignUpViewController.m in Sources */,
				184B65301B3F60AC00B1483C /* main.m in Sources */,
			);
			runOnlyForDeploymentPostprocessing = 0;
		};
		184B653F1B3F60AC00B1483C /* Sources */ = {
			isa = PBXSourcesBuildPhase;
			buildActionMask = 2147483647;
			files = (
				184B654A1B3F60AC00B1483C /* _________Tests.m in Sources */,
			);
			runOnlyForDeploymentPostprocessing = 0;
		};
/* End PBXSourcesBuildPhase section */

/* Begin PBXTargetDependency section */
		184B65451B3F60AC00B1483C /* PBXTargetDependency */ = {
			isa = PBXTargetDependency;
			target = 184B65291B3F60AC00B1483C /* دعوات قطر */;
			targetProxy = 184B65441B3F60AC00B1483C /* PBXContainerItemProxy */;
		};
/* End PBXTargetDependency section */

/* Begin PBXVariantGroup section */
		184B65371B3F60AC00B1483C /* Main.storyboard */ = {
			isa = PBXVariantGroup;
			children = (
				184B65381B3F60AC00B1483C /* Base */,
			);
			name = Main.storyboard;
			sourceTree = "<group>";
		};
		184B653C1B3F60AC00B1483C /* LaunchScreen.xib */ = {
			isa = PBXVariantGroup;
			children = (
				184B653D1B3F60AC00B1483C /* Base */,
			);
			name = LaunchScreen.xib;
			sourceTree = "<group>";
		};
/* End PBXVariantGroup section */

/* Begin XCBuildConfiguration section */
		184B654B1B3F60AC00B1483C /* Debug */ = {
			isa = XCBuildConfiguration;
			buildSettings = {
				ALWAYS_SEARCH_USER_PATHS = NO;
				CLANG_CXX_LANGUAGE_STANDARD = "gnu++0x";
				CLANG_CXX_LIBRARY = "libc++";
				CLANG_ENABLE_MODULES = YES;
				CLANG_ENABLE_OBJC_ARC = YES;
				CLANG_WARN_BOOL_CONVERSION = YES;
				CLANG_WARN_CONSTANT_CONVERSION = YES;
				CLANG_WARN_DIRECT_OBJC_ISA_USAGE = YES_ERROR;
				CLANG_WARN_EMPTY_BODY = YES;
				CLANG_WARN_ENUM_CONVERSION = YES;
				CLANG_WARN_INT_CONVERSION = YES;
				CLANG_WARN_OBJC_ROOT_CLASS = YES_ERROR;
				CLANG_WARN_UNREACHABLE_CODE = YES;
				CLANG_WARN__DUPLICATE_METHOD_MATCH = YES;
				"CODE_SIGN_IDENTITY[sdk=iphoneos*]" = "iPhone Developer";
				COPY_PHASE_STRIP = NO;
				DEBUG_INFORMATION_FORMAT = "dwarf-with-dsym";
				ENABLE_STRICT_OBJC_MSGSEND = YES;
				GCC_C_LANGUAGE_STANDARD = gnu99;
				GCC_DYNAMIC_NO_PIC = NO;
				GCC_NO_COMMON_BLOCKS = YES;
				GCC_OPTIMIZATION_LEVEL = 0;
				GCC_PREPROCESSOR_DEFINITIONS = (
					"DEBUG=1",
					"$(inherited)",
				);
				GCC_SYMBOLS_PRIVATE_EXTERN = NO;
				GCC_WARN_64_TO_32_BIT_CONVERSION = YES;
				GCC_WARN_ABOUT_RETURN_TYPE = YES_ERROR;
				GCC_WARN_UNDECLARED_SELECTOR = YES;
				GCC_WARN_UNINITIALIZED_AUTOS = YES_AGGRESSIVE;
				GCC_WARN_UNUSED_FUNCTION = YES;
				GCC_WARN_UNUSED_VARIABLE = YES;
				IPHONEOS_DEPLOYMENT_TARGET = 8.3;
				MTL_ENABLE_DEBUG_INFO = YES;
				ONLY_ACTIVE_ARCH = YES;
				SDKROOT = iphoneos;
			};
			name = Debug;
		};
		184B654C1B3F60AC00B1483C /* Release */ = {
			isa = XCBuildConfiguration;
			buildSettings = {
				ALWAYS_SEARCH_USER_PATHS = NO;
				CLANG_CXX_LANGUAGE_STANDARD = "gnu++0x";
				CLANG_CXX_LIBRARY = "libc++";
				CLANG_ENABLE_MODULES = YES;
				CLANG_ENABLE_OBJC_ARC = YES;
				CLANG_WARN_BOOL_CONVERSION = YES;
				CLANG_WARN_CONSTANT_CONVERSION = YES;
				CLANG_WARN_DIRECT_OBJC_ISA_USAGE = YES_ERROR;
				CLANG_WARN_EMPTY_BODY = YES;
				CLANG_WARN_ENUM_CONVERSION = YES;
				CLANG_WARN_INT_CONVERSION = YES;
				CLANG_WARN_OBJC_ROOT_CLASS = YES_ERROR;
				CLANG_WARN_UNREACHABLE_CODE = YES;
				CLANG_WARN__DUPLICATE_METHOD_MATCH = YES;
				"CODE_SIGN_IDENTITY[sdk=iphoneos*]" = "iPhone Developer";
				COPY_PHASE_STRIP = NO;
				DEBUG_INFORMATION_FORMAT = "dwarf-with-dsym";
				ENABLE_NS_ASSERTIONS = NO;
				ENABLE_STRICT_OBJC_MSGSEND = YES;
				GCC_C_LANGUAGE_STANDARD = gnu99;
				GCC_NO_COMMON_BLOCKS = YES;
				GCC_WARN_64_TO_32_BIT_CONVERSION = YES;
				GCC_WARN_ABOUT_RETURN_TYPE = YES_ERROR;
				GCC_WARN_UNDECLARED_SELECTOR = YES;
				GCC_WARN_UNINITIALIZED_AUTOS = YES_AGGRESSIVE;
				GCC_WARN_UNUSED_FUNCTION = YES;
				GCC_WARN_UNUSED_VARIABLE = YES;
				IPHONEOS_DEPLOYMENT_TARGET = 8.3;
				MTL_ENABLE_DEBUG_INFO = NO;
				SDKROOT = iphoneos;
				VALIDATE_PRODUCT = YES;
			};
			name = Release;
		};
		184B654E1B3F60AC00B1483C /* Debug */ = {
			isa = XCBuildConfiguration;
			buildSettings = {
				ASSETCATALOG_COMPILER_APPICON_NAME = AppIcon;
				INFOPLIST_FILE = "دعوات قطر/Info.plist";
				LD_RUNPATH_SEARCH_PATHS = "$(inherited) @executable_path/Frameworks";
				PRODUCT_NAME = "$(TARGET_NAME)";
			};
			name = Debug;
		};
		184B654F1B3F60AC00B1483C /* Release */ = {
			isa = XCBuildConfiguration;
			buildSettings = {
				ASSETCATALOG_COMPILER_APPICON_NAME = AppIcon;
				INFOPLIST_FILE = "دعوات قطر/Info.plist";
				LD_RUNPATH_SEARCH_PATHS = "$(inherited) @executable_path/Frameworks";
				PRODUCT_NAME = "$(TARGET_NAME)";
			};
			name = Release;
		};
		184B65511B3F60AC00B1483C /* Debug */ = {
			isa = XCBuildConfiguration;
			buildSettings = {
				BUNDLE_LOADER = "$(TEST_HOST)";
				FRAMEWORK_SEARCH_PATHS = (
					"$(SDKROOT)/Developer/Library/Frameworks",
					"$(inherited)",
				);
				GCC_PREPROCESSOR_DEFINITIONS = (
					"DEBUG=1",
					"$(inherited)",
				);
				INFOPLIST_FILE = "دعوات قطرTests/Info.plist";
				LD_RUNPATH_SEARCH_PATHS = "$(inherited) @executable_path/Frameworks @loader_path/Frameworks";
				PRODUCT_NAME = "$(TARGET_NAME)";
				TEST_HOST = "$(BUILT_PRODUCTS_DIR)/دعوات قطر.app/دعوات قطر";
			};
			name = Debug;
		};
		184B65521B3F60AC00B1483C /* Release */ = {
			isa = XCBuildConfiguration;
			buildSettings = {
				BUNDLE_LOADER = "$(TEST_HOST)";
				FRAMEWORK_SEARCH_PATHS = (
					"$(SDKROOT)/Developer/Library/Frameworks",
					"$(inherited)",
				);
				INFOPLIST_FILE = "دعوات قطرTests/Info.plist";
				LD_RUNPATH_SEARCH_PATHS = "$(inherited) @executable_path/Frameworks @loader_path/Frameworks";
				PRODUCT_NAME = "$(TARGET_NAME)";
				TEST_HOST = "$(BUILT_PRODUCTS_DIR)/دعوات قطر.app/دعوات قطر";
			};
			name = Release;
		};
/* End XCBuildConfiguration section */

/* Begin XCConfigurationList section */
		184B65251B3F60AC00B1483C /* Build configuration list for PBXProject "دعوات قطر" */ = {
			isa = XCConfigurationList;
			buildConfigurations = (
				184B654B1B3F60AC00B1483C /* Debug */,
				184B654C1B3F60AC00B1483C /* Release */,
			);
			defaultConfigurationIsVisible = 0;
			defaultConfigurationName = Release;
		};
		184B654D1B3F60AC00B1483C /* Build configuration list for PBXNativeTarget "دعوات قطر" */ = {
			isa = XCConfigurationList;
			buildConfigurations = (
				184B654E1B3F60AC00B1483C /* Debug */,
				184B654F1B3F60AC00B1483C /* Release */,
			);
			defaultConfigurationIsVisible = 0;
			defaultConfigurationName = Release;
		};
		184B65501B3F60AC00B1483C /* Build configuration list for PBXNativeTarget "دعوات قطرTests" */ = {
			isa = XCConfigurationList;
			buildConfigurations = (
				184B65511B3F60AC00B1483C /* Debug */,
				184B65521B3F60AC00B1483C /* Release */,
			);
			defaultConfigurationIsVisible = 0;
			defaultConfigurationName = Release;
		};
/* End XCConfigurationList section */
	};
	rootObject = 184B65221B3F60AC00B1483C /* Project object */;
}
